// !$*UTF8*$!
{
	archiveVersion = 1;
	classes = {
	};
	objectVersion = 55;
	objects = {

/* Begin PBXBuildFile section */
		7E33D5DB28031B0D00FADEE2 /* USTaxData.swift in Sources */ = {isa = PBXBuildFile; fileRef = 7E33D5C828031B0D00FADEE2 /* USTaxData.swift */; };
		7E33D5DC28031B0D00FADEE2 /* StandardDeductions.swift in Sources */ = {isa = PBXBuildFile; fileRef = 7E33D5CA28031B0D00FADEE2 /* StandardDeductions.swift */; };
		7E33D5DD28031B0D00FADEE2 /* DeductionAmount.swift in Sources */ = {isa = PBXBuildFile; fileRef = 7E33D5CB28031B0D00FADEE2 /* DeductionAmount.swift */; };
		7E33D5DE28031B0D00FADEE2 /* Income.swift in Sources */ = {isa = PBXBuildFile; fileRef = 7E33D5CD28031B0D00FADEE2 /* Income.swift */; };
		7E33D5DF28031B0D00FADEE2 /* StateIncome.swift in Sources */ = {isa = PBXBuildFile; fileRef = 7E33D5CE28031B0D00FADEE2 /* StateIncome.swift */; };
		7E33D5E028031B0D00FADEE2 /* TaxSummaryFormatter.swift in Sources */ = {isa = PBXBuildFile; fileRef = 7E33D5D028031B0D00FADEE2 /* TaxSummaryFormatter.swift */; };
		7E33D5E128031B0D00FADEE2 /* TaxSummaries.swift in Sources */ = {isa = PBXBuildFile; fileRef = 7E33D5D228031B0D00FADEE2 /* TaxSummaries.swift */; };
		7E33D5E228031B0D00FADEE2 /* Tax.swift in Sources */ = {isa = PBXBuildFile; fileRef = 7E33D5D328031B0D00FADEE2 /* Tax.swift */; };
		7E33D5E328031B0D00FADEE2 /* TaxFactory.swift in Sources */ = {isa = PBXBuildFile; fileRef = 7E33D5D428031B0D00FADEE2 /* TaxFactory.swift */; };
		7E33D5E428031B0D00FADEE2 /* TaxBracketFactory.swift in Sources */ = {isa = PBXBuildFile; fileRef = 7E33D5D628031B0D00FADEE2 /* TaxBracketFactory.swift */; };
		7E33D5E528031B0D00FADEE2 /* ProgressiveTaxBracketGenerator.swift in Sources */ = {isa = PBXBuildFile; fileRef = 7E33D5D728031B0D00FADEE2 /* ProgressiveTaxBracketGenerator.swift */; };
		7E33D5E628031B0D00FADEE2 /* TaxBracket.swift in Sources */ = {isa = PBXBuildFile; fileRef = 7E33D5D828031B0D00FADEE2 /* TaxBracket.swift */; };
		7E33D5E728031B0D00FADEE2 /* RawTaxRates.swift in Sources */ = {isa = PBXBuildFile; fileRef = 7E33D5D928031B0D00FADEE2 /* RawTaxRates.swift */; };
		7E33D5E828031B0D00FADEE2 /* main.swift in Sources */ = {isa = PBXBuildFile; fileRef = 7E33D5DA28031B0D00FADEE2 /* main.swift */; };
/* End PBXBuildFile section */

/* Begin PBXCopyFilesBuildPhase section */
		7E33D5B928031AAF00FADEE2 /* CopyFiles */ = {
			isa = PBXCopyFilesBuildPhase;
			buildActionMask = 2147483647;
			dstPath = /usr/share/man/man1/;
			dstSubfolderSpec = 0;
			files = (
			);
			runOnlyForDeploymentPostprocessing = 1;
		};
/* End PBXCopyFilesBuildPhase section */

/* Begin PBXFileReference section */
		7E33D5BB28031AAF00FADEE2 /* USTaxCalculator */ = {isa = PBXFileReference; explicitFileType = "compiled.mach-o.executable"; includeInIndex = 0; path = USTaxCalculator; sourceTree = BUILT_PRODUCTS_DIR; };
		7E33D5C828031B0D00FADEE2 /* USTaxData.swift */ = {isa = PBXFileReference; fileEncoding = 4; lastKnownFileType = sourcecode.swift; path = USTaxData.swift; sourceTree = "<group>"; };
		7E33D5CA28031B0D00FADEE2 /* StandardDeductions.swift */ = {isa = PBXFileReference; fileEncoding = 4; lastKnownFileType = sourcecode.swift; path = StandardDeductions.swift; sourceTree = "<group>"; };
		7E33D5CB28031B0D00FADEE2 /* DeductionAmount.swift */ = {isa = PBXFileReference; fileEncoding = 4; lastKnownFileType = sourcecode.swift; path = DeductionAmount.swift; sourceTree = "<group>"; };
		7E33D5CD28031B0D00FADEE2 /* Income.swift */ = {isa = PBXFileReference; fileEncoding = 4; lastKnownFileType = sourcecode.swift; path = Income.swift; sourceTree = "<group>"; };
		7E33D5CE28031B0D00FADEE2 /* StateIncome.swift */ = {isa = PBXFileReference; fileEncoding = 4; lastKnownFileType = sourcecode.swift; path = StateIncome.swift; sourceTree = "<group>"; };
		7E33D5D028031B0D00FADEE2 /* TaxSummaryFormatter.swift */ = {isa = PBXFileReference; fileEncoding = 4; lastKnownFileType = sourcecode.swift; path = TaxSummaryFormatter.swift; sourceTree = "<group>"; };
		7E33D5D228031B0D00FADEE2 /* TaxSummaries.swift */ = {isa = PBXFileReference; fileEncoding = 4; lastKnownFileType = sourcecode.swift; path = TaxSummaries.swift; sourceTree = "<group>"; };
		7E33D5D328031B0D00FADEE2 /* Tax.swift */ = {isa = PBXFileReference; fileEncoding = 4; lastKnownFileType = sourcecode.swift; path = Tax.swift; sourceTree = "<group>"; };
		7E33D5D428031B0D00FADEE2 /* TaxFactory.swift */ = {isa = PBXFileReference; fileEncoding = 4; lastKnownFileType = sourcecode.swift; path = TaxFactory.swift; sourceTree = "<group>"; };
		7E33D5D628031B0D00FADEE2 /* TaxBracketFactory.swift */ = {isa = PBXFileReference; fileEncoding = 4; lastKnownFileType = sourcecode.swift; path = TaxBracketFactory.swift; sourceTree = "<group>"; };
		7E33D5D728031B0D00FADEE2 /* ProgressiveTaxBracketGenerator.swift */ = {isa = PBXFileReference; fileEncoding = 4; lastKnownFileType = sourcecode.swift; path = ProgressiveTaxBracketGenerator.swift; sourceTree = "<group>"; };
		7E33D5D828031B0D00FADEE2 /* TaxBracket.swift */ = {isa = PBXFileReference; fileEncoding = 4; lastKnownFileType = sourcecode.swift; path = TaxBracket.swift; sourceTree = "<group>"; };
		7E33D5D928031B0D00FADEE2 /* RawTaxRates.swift */ = {isa = PBXFileReference; fileEncoding = 4; lastKnownFileType = sourcecode.swift; path = RawTaxRates.swift; sourceTree = "<group>"; };
		7E33D5DA28031B0D00FADEE2 /* main.swift */ = {isa = PBXFileReference; fileEncoding = 4; lastKnownFileType = sourcecode.swift; path = main.swift; sourceTree = "<group>"; };
/* End PBXFileReference section */

/* Begin PBXFrameworksBuildPhase section */
		7E33D5B828031AAF00FADEE2 /* Frameworks */ = {
			isa = PBXFrameworksBuildPhase;
			buildActionMask = 2147483647;
			files = (
			);
			runOnlyForDeploymentPostprocessing = 0;
		};
/* End PBXFrameworksBuildPhase section */

/* Begin PBXGroup section */
		7E33D5B228031AAF00FADEE2 = {
			isa = PBXGroup;
			children = (
				7E33D5C628031B0D00FADEE2 /* USTaxCalculator */,
				7E33D5BC28031AAF00FADEE2 /* Products */,
			);
			sourceTree = "<group>";
		};
		7E33D5BC28031AAF00FADEE2 /* Products */ = {
			isa = PBXGroup;
			children = (
				7E33D5BB28031AAF00FADEE2 /* USTaxCalculator */,
			);
			name = Products;
			sourceTree = "<group>";
		};
		7E33D5C628031B0D00FADEE2 /* USTaxCalculator */ = {
			isa = PBXGroup;
			children = (
				7E33D5C728031B0D00FADEE2 /* TaxData */,
				7E33D5C928031B0D00FADEE2 /* Deductions */,
				7E33D5CC28031B0D00FADEE2 /* Income */,
				7E33D5CF28031B0D00FADEE2 /* Formatter */,
				7E33D5D128031B0D00FADEE2 /* Taxes */,
				7E33D5D528031B0D00FADEE2 /* TaxBrackets */,
				7E33D5DA28031B0D00FADEE2 /* main.swift */,
			);
			path = USTaxCalculator;
			sourceTree = "<group>";
		};
		7E33D5C728031B0D00FADEE2 /* TaxData */ = {
			isa = PBXGroup;
			children = (
				7E33D5C828031B0D00FADEE2 /* USTaxData.swift */,
			);
			path = TaxData;
			sourceTree = "<group>";
		};
		7E33D5C928031B0D00FADEE2 /* Deductions */ = {
			isa = PBXGroup;
			children = (
				7E33D5CA28031B0D00FADEE2 /* StandardDeductions.swift */,
				7E33D5CB28031B0D00FADEE2 /* DeductionAmount.swift */,
			);
			path = Deductions;
			sourceTree = "<group>";
		};
		7E33D5CC28031B0D00FADEE2 /* Income */ = {
			isa = PBXGroup;
			children = (
				7E33D5CD28031B0D00FADEE2 /* Income.swift */,
				7E33D5CE28031B0D00FADEE2 /* StateIncome.swift */,
			);
			path = Income;
			sourceTree = "<group>";
		};
		7E33D5CF28031B0D00FADEE2 /* Formatter */ = {
			isa = PBXGroup;
			children = (
				7E33D5D028031B0D00FADEE2 /* TaxSummaryFormatter.swift */,
			);
			path = Formatter;
			sourceTree = "<group>";
		};
		7E33D5D128031B0D00FADEE2 /* Taxes */ = {
			isa = PBXGroup;
			children = (
				7E33D5D228031B0D00FADEE2 /* TaxSummaries.swift */,
				7E33D5D328031B0D00FADEE2 /* Tax.swift */,
				7E33D5D428031B0D00FADEE2 /* TaxFactory.swift */,
			);
			path = Taxes;
			sourceTree = "<group>";
		};
		7E33D5D528031B0D00FADEE2 /* TaxBrackets */ = {
			isa = PBXGroup;
			children = (
				7E33D5D628031B0D00FADEE2 /* TaxBracketFactory.swift */,
				7E33D5D728031B0D00FADEE2 /* ProgressiveTaxBracketGenerator.swift */,
				7E33D5D828031B0D00FADEE2 /* TaxBracket.swift */,
				7E33D5D928031B0D00FADEE2 /* RawTaxRates.swift */,
			);
			path = TaxBrackets;
			sourceTree = "<group>";
		};
/* End PBXGroup section */

/* Begin PBXNativeTarget section */
		7E33D5BA28031AAF00FADEE2 /* USTaxCalculator */ = {
			isa = PBXNativeTarget;
			buildConfigurationList = 7E33D5C228031AAF00FADEE2 /* Build configuration list for PBXNativeTarget "USTaxCalculator" */;
			buildPhases = (
				7E33D5B728031AAF00FADEE2 /* Sources */,
				7E33D5B828031AAF00FADEE2 /* Frameworks */,
				7E33D5B928031AAF00FADEE2 /* CopyFiles */,
			);
			buildRules = (
			);
			dependencies = (
			);
			name = USTaxCalculator;
			productName = USTaxCalculator;
			productReference = 7E33D5BB28031AAF00FADEE2 /* USTaxCalculator */;
			productType = "com.apple.product-type.tool";
		};
/* End PBXNativeTarget section */

/* Begin PBXProject section */
		7E33D5B328031AAF00FADEE2 /* Project object */ = {
			isa = PBXProject;
			attributes = {
				BuildIndependentTargetsInParallel = 1;
				LastSwiftUpdateCheck = 1330;
				LastUpgradeCheck = 1330;
				TargetAttributes = {
					7E33D5BA28031AAF00FADEE2 = {
						CreatedOnToolsVersion = 13.3;
					};
				};
			};
			buildConfigurationList = 7E33D5B628031AAF00FADEE2 /* Build configuration list for PBXProject "USTaxCalculator" */;
			compatibilityVersion = "Xcode 13.0";
			developmentRegion = en;
			hasScannedForEncodings = 0;
			knownRegions = (
				en,
				Base,
			);
			mainGroup = 7E33D5B228031AAF00FADEE2;
			productRefGroup = 7E33D5BC28031AAF00FADEE2 /* Products */;
			projectDirPath = "";
			projectRoot = "";
			targets = (
				7E33D5BA28031AAF00FADEE2 /* USTaxCalculator */,
			);
		};
/* End PBXProject section */

/* Begin PBXSourcesBuildPhase section */
		7E33D5B728031AAF00FADEE2 /* Sources */ = {
			isa = PBXSourcesBuildPhase;
			buildActionMask = 2147483647;
			files = (
				7E33D5DD28031B0D00FADEE2 /* DeductionAmount.swift in Sources */,
				7E33D5E228031B0D00FADEE2 /* Tax.swift in Sources */,
				7E33D5DC28031B0D00FADEE2 /* StandardDeductions.swift in Sources */,
				7E33D5E728031B0D00FADEE2 /* RawTaxRates.swift in Sources */,
				7E33D5E528031B0D00FADEE2 /* ProgressiveTaxBracketGenerator.swift in Sources */,
				7E33D5E628031B0D00FADEE2 /* TaxBracket.swift in Sources */,
				7E33D5E428031B0D00FADEE2 /* TaxBracketFactory.swift in Sources */,
				7E33D5DE28031B0D00FADEE2 /* Income.swift in Sources */,
				7E33D5E828031B0D00FADEE2 /* main.swift in Sources */,
				7E33D5E028031B0D00FADEE2 /* TaxSummaryFormatter.swift in Sources */,
				7E33D5E128031B0D00FADEE2 /* TaxSummaries.swift in Sources */,
				7E33D5E328031B0D00FADEE2 /* TaxFactory.swift in Sources */,
				7E33D5DB28031B0D00FADEE2 /* USTaxData.swift in Sources */,
				7E33D5DF28031B0D00FADEE2 /* StateIncome.swift in Sources */,
			);
			runOnlyForDeploymentPostprocessing = 0;
		};
/* End PBXSourcesBuildPhase section */

/* Begin XCBuildConfiguration section */
		7E33D5C028031AAF00FADEE2 /* Debug */ = {
			isa = XCBuildConfiguration;
			buildSettings = {
				ALWAYS_SEARCH_USER_PATHS = NO;
				CLANG_ANALYZER_NONNULL = YES;
				CLANG_ANALYZER_NUMBER_OBJECT_CONVERSION = YES_AGGRESSIVE;
				CLANG_CXX_LANGUAGE_STANDARD = "gnu++17";
				CLANG_ENABLE_MODULES = YES;
				CLANG_ENABLE_OBJC_ARC = YES;
				CLANG_ENABLE_OBJC_WEAK = YES;
				CLANG_WARN_BLOCK_CAPTURE_AUTORELEASING = YES;
				CLANG_WARN_BOOL_CONVERSION = YES;
				CLANG_WARN_COMMA = YES;
				CLANG_WARN_CONSTANT_CONVERSION = YES;
				CLANG_WARN_DEPRECATED_OBJC_IMPLEMENTATIONS = YES;
				CLANG_WARN_DIRECT_OBJC_ISA_USAGE = YES_ERROR;
				CLANG_WARN_DOCUMENTATION_COMMENTS = YES;
				CLANG_WARN_EMPTY_BODY = YES;
				CLANG_WARN_ENUM_CONVERSION = YES;
				CLANG_WARN_INFINITE_RECURSION = YES;
				CLANG_WARN_INT_CONVERSION = YES;
				CLANG_WARN_NON_LITERAL_NULL_CONVERSION = YES;
				CLANG_WARN_OBJC_IMPLICIT_RETAIN_SELF = YES;
				CLANG_WARN_OBJC_LITERAL_CONVERSION = YES;
				CLANG_WARN_OBJC_ROOT_CLASS = YES_ERROR;
				CLANG_WARN_QUOTED_INCLUDE_IN_FRAMEWORK_HEADER = YES;
				CLANG_WARN_RANGE_LOOP_ANALYSIS = YES;
				CLANG_WARN_STRICT_PROTOTYPES = YES;
				CLANG_WARN_SUSPICIOUS_MOVE = YES;
				CLANG_WARN_UNGUARDED_AVAILABILITY = YES_AGGRESSIVE;
				CLANG_WARN_UNREACHABLE_CODE = YES;
				CLANG_WARN__DUPLICATE_METHOD_MATCH = YES;
				COPY_PHASE_STRIP = NO;
				DEBUG_INFORMATION_FORMAT = dwarf;
				ENABLE_STRICT_OBJC_MSGSEND = YES;
				ENABLE_TESTABILITY = YES;
				GCC_C_LANGUAGE_STANDARD = gnu11;
				GCC_DYNAMIC_NO_PIC = NO;
				GCC_NO_COMMON_BLOCKS = YES;
				GCC_OPTIMIZATION_LEVEL = 0;
				GCC_PREPROCESSOR_DEFINITIONS = (
					"DEBUG=1",
					"$(inherited)",
				);
				GCC_WARN_64_TO_32_BIT_CONVERSION = YES;
				GCC_WARN_ABOUT_RETURN_TYPE = YES_ERROR;
				GCC_WARN_UNDECLARED_SELECTOR = YES;
				GCC_WARN_UNINITIALIZED_AUTOS = YES_AGGRESSIVE;
				GCC_WARN_UNUSED_FUNCTION = YES;
				GCC_WARN_UNUSED_VARIABLE = YES;
				MACOSX_DEPLOYMENT_TARGET = 12.3;
				MTL_ENABLE_DEBUG_INFO = INCLUDE_SOURCE;
				MTL_FAST_MATH = YES;
				ONLY_ACTIVE_ARCH = YES;
				SDKROOT = macosx;
				SWIFT_ACTIVE_COMPILATION_CONDITIONS = DEBUG;
				SWIFT_OPTIMIZATION_LEVEL = "-Onone";
			};
			name = Debug;
		};
		7E33D5C128031AAF00FADEE2 /* Release */ = {
			isa = XCBuildConfiguration;
			buildSettings = {
				ALWAYS_SEARCH_USER_PATHS = NO;
				CLANG_ANALYZER_NONNULL = YES;
				CLANG_ANALYZER_NUMBER_OBJECT_CONVERSION = YES_AGGRESSIVE;
				CLANG_CXX_LANGUAGE_STANDARD = "gnu++17";
				CLANG_ENABLE_MODULES = YES;
				CLANG_ENABLE_OBJC_ARC = YES;
				CLANG_ENABLE_OBJC_WEAK = YES;
				CLANG_WARN_BLOCK_CAPTURE_AUTORELEASING = YES;
				CLANG_WARN_BOOL_CONVERSION = YES;
				CLANG_WARN_COMMA = YES;
				CLANG_WARN_CONSTANT_CONVERSION = YES;
				CLANG_WARN_DEPRECATED_OBJC_IMPLEMENTATIONS = YES;
				CLANG_WARN_DIRECT_OBJC_ISA_USAGE = YES_ERROR;
				CLANG_WARN_DOCUMENTATION_COMMENTS = YES;
				CLANG_WARN_EMPTY_BODY = YES;
				CLANG_WARN_ENUM_CONVERSION = YES;
				CLANG_WARN_INFINITE_RECURSION = YES;
				CLANG_WARN_INT_CONVERSION = YES;
				CLANG_WARN_NON_LITERAL_NULL_CONVERSION = YES;
				CLANG_WARN_OBJC_IMPLICIT_RETAIN_SELF = YES;
				CLANG_WARN_OBJC_LITERAL_CONVERSION = YES;
				CLANG_WARN_OBJC_ROOT_CLASS = YES_ERROR;
				CLANG_WARN_QUOTED_INCLUDE_IN_FRAMEWORK_HEADER = YES;
				CLANG_WARN_RANGE_LOOP_ANALYSIS = YES;
				CLANG_WARN_STRICT_PROTOTYPES = YES;
				CLANG_WARN_SUSPICIOUS_MOVE = YES;
				CLANG_WARN_UNGUARDED_AVAILABILITY = YES_AGGRESSIVE;
				CLANG_WARN_UNREACHABLE_CODE = YES;
				CLANG_WARN__DUPLICATE_METHOD_MATCH = YES;
				COPY_PHASE_STRIP = NO;
				DEBUG_INFORMATION_FORMAT = "dwarf-with-dsym";
				ENABLE_NS_ASSERTIONS = NO;
				ENABLE_STRICT_OBJC_MSGSEND = YES;
				GCC_C_LANGUAGE_STANDARD = gnu11;
				GCC_NO_COMMON_BLOCKS = YES;
				GCC_WARN_64_TO_32_BIT_CONVERSION = YES;
				GCC_WARN_ABOUT_RETURN_TYPE = YES_ERROR;
				GCC_WARN_UNDECLARED_SELECTOR = YES;
				GCC_WARN_UNINITIALIZED_AUTOS = YES_AGGRESSIVE;
				GCC_WARN_UNUSED_FUNCTION = YES;
				GCC_WARN_UNUSED_VARIABLE = YES;
				MACOSX_DEPLOYMENT_TARGET = 12.3;
				MTL_ENABLE_DEBUG_INFO = NO;
				MTL_FAST_MATH = YES;
				SDKROOT = macosx;
				SWIFT_COMPILATION_MODE = wholemodule;
				SWIFT_OPTIMIZATION_LEVEL = "-O";
			};
			name = Release;
		};
		7E33D5C328031AAF00FADEE2 /* Debug */ = {
			isa = XCBuildConfiguration;
			buildSettings = {
				CODE_SIGN_STYLE = Automatic;
				PRODUCT_NAME = "$(TARGET_NAME)";
				SWIFT_VERSION = 5.0;
			};
			name = Debug;
		};
		7E33D5C428031AAF00FADEE2 /* Release */ = {
			isa = XCBuildConfiguration;
			buildSettings = {
				CODE_SIGN_STYLE = Automatic;
				PRODUCT_NAME = "$(TARGET_NAME)";
				SWIFT_VERSION = 5.0;
			};
			name = Release;
		};
/* End XCBuildConfiguration section */

/* Begin XCConfigurationList section */
		7E33D5B628031AAF00FADEE2 /* Build configuration list for PBXProject "USTaxCalculator" */ = {
			isa = XCConfigurationList;
			buildConfigurations = (
				7E33D5C028031AAF00FADEE2 /* Debug */,
				7E33D5C128031AAF00FADEE2 /* Release */,
			);
			defaultConfigurationIsVisible = 0;
			defaultConfigurationName = Release;
		};
		7E33D5C228031AAF00FADEE2 /* Build configuration list for PBXNativeTarget "USTaxCalculator" */ = {
			isa = XCConfigurationList;
			buildConfigurations = (
				7E33D5C328031AAF00FADEE2 /* Debug */,
				7E33D5C428031AAF00FADEE2 /* Release */,
			);
			defaultConfigurationIsVisible = 0;
			defaultConfigurationName = Release;
		};
/* End XCConfigurationList section */
	};
	rootObject = 7E33D5B328031AAF00FADEE2 /* Project object */;
}
