// !$*UTF8*$!
{
	archiveVersion = 1;
	classes = {
	};
	objectVersion = 55;
	objects = {

/* Begin PBXBuildFile section */
		7E0042EB280D0B3A00DE9B6E /* ExampleData.swift in Sources */ = {isa = PBXBuildFile; fileRef = 7E0042EA280D0B3A00DE9B6E /* ExampleData.swift */; };
		7E004301280D0B4F00DE9B6E /* TaxSummaryFormatter.swift in Sources */ = {isa = PBXBuildFile; fileRef = 7E0042EE280D0B4F00DE9B6E /* TaxSummaryFormatter.swift */; };
		7E004302280D0B4F00DE9B6E /* FormattingHelper.swift in Sources */ = {isa = PBXBuildFile; fileRef = 7E0042EF280D0B4F00DE9B6E /* FormattingHelper.swift */; };
		7E004303280D0B4F00DE9B6E /* USTaxData.swift in Sources */ = {isa = PBXBuildFile; fileRef = 7E0042F1280D0B4F00DE9B6E /* USTaxData.swift */; };
		7E004304280D0B4F00DE9B6E /* TaxSummaries.swift in Sources */ = {isa = PBXBuildFile; fileRef = 7E0042F3280D0B4F00DE9B6E /* TaxSummaries.swift */; };
		7E004305280D0B4F00DE9B6E /* Tax.swift in Sources */ = {isa = PBXBuildFile; fileRef = 7E0042F4280D0B4F00DE9B6E /* Tax.swift */; };
		7E004306280D0B4F00DE9B6E /* TaxFactory.swift in Sources */ = {isa = PBXBuildFile; fileRef = 7E0042F5280D0B4F00DE9B6E /* TaxFactory.swift */; };
		7E004307280D0B4F00DE9B6E /* Income.swift in Sources */ = {isa = PBXBuildFile; fileRef = 7E0042F7280D0B4F00DE9B6E /* Income.swift */; };
		7E004308280D0B4F00DE9B6E /* StateIncome.swift in Sources */ = {isa = PBXBuildFile; fileRef = 7E0042F8280D0B4F00DE9B6E /* StateIncome.swift */; };
		7E004309280D0B4F00DE9B6E /* TaxBracketFactory.swift in Sources */ = {isa = PBXBuildFile; fileRef = 7E0042FA280D0B4F00DE9B6E /* TaxBracketFactory.swift */; };
		7E00430A280D0B4F00DE9B6E /* ProgressiveTaxBracketGenerator.swift in Sources */ = {isa = PBXBuildFile; fileRef = 7E0042FB280D0B4F00DE9B6E /* ProgressiveTaxBracketGenerator.swift */; };
		7E00430B280D0B4F00DE9B6E /* TaxBracket.swift in Sources */ = {isa = PBXBuildFile; fileRef = 7E0042FC280D0B4F00DE9B6E /* TaxBracket.swift */; };
		7E00430C280D0B4F00DE9B6E /* RawTaxRates.swift in Sources */ = {isa = PBXBuildFile; fileRef = 7E0042FD280D0B4F00DE9B6E /* RawTaxRates.swift */; };
		7E00430D280D0B4F00DE9B6E /* StandardDeductions.swift in Sources */ = {isa = PBXBuildFile; fileRef = 7E0042FF280D0B4F00DE9B6E /* StandardDeductions.swift */; };
		7E00430E280D0B4F00DE9B6E /* DeductionAmount.swift in Sources */ = {isa = PBXBuildFile; fileRef = 7E004300280D0B4F00DE9B6E /* DeductionAmount.swift */; };
		7E004310280D0D7300DE9B6E /* Colors.swift in Sources */ = {isa = PBXBuildFile; fileRef = 7E00430F280D0D7300DE9B6E /* Colors.swift */; };
		7E00D8FA282798EC00375917 /* ExplainableValueButton.swift in Sources */ = {isa = PBXBuildFile; fileRef = 7E00D8F9282798EC00375917 /* ExplainableValueButton.swift */; };
		7E4215D028059FDD0030C291 /* MainView.swift in Sources */ = {isa = PBXBuildFile; fileRef = 7E4215CF28059FDD0030C291 /* MainView.swift */; };
		7E4215D72805A3800030C291 /* MenuView.swift in Sources */ = {isa = PBXBuildFile; fileRef = 7E4215D62805A3800030C291 /* MenuView.swift */; };
		7E43AE1B2825546F004D5F2A /* CollapsableSection.swift in Sources */ = {isa = PBXBuildFile; fileRef = 7E43AE1A2825546F004D5F2A /* CollapsableSection.swift */; };
		7E822CF12804515100096181 /* USTaxCalulatorApp.swift in Sources */ = {isa = PBXBuildFile; fileRef = 7E822CF02804515100096181 /* USTaxCalulatorApp.swift */; };
		7E822CF32804515100096181 /* TaxDataView.swift in Sources */ = {isa = PBXBuildFile; fileRef = 7E822CF22804515100096181 /* TaxDataView.swift */; };
		7E822CF52804515200096181 /* Assets.xcassets in Resources */ = {isa = PBXBuildFile; fileRef = 7E822CF42804515200096181 /* Assets.xcassets */; };
		7E822D412804601C00096181 /* CurrencyView.swift in Sources */ = {isa = PBXBuildFile; fileRef = 7E822D402804601C00096181 /* CurrencyView.swift */; };
		7EAD23FE2827D71F00FE7848 /* IncomeEntryView.swift in Sources */ = {isa = PBXBuildFile; fileRef = 7EAD23FD2827D71F00FE7848 /* IncomeEntryView.swift */; };
		7EAD24002827E3E500FE7848 /* StateIncomeEntryView.swift in Sources */ = {isa = PBXBuildFile; fileRef = 7EAD23FF2827E3E500FE7848 /* StateIncomeEntryView.swift */; };
		7EAD24032828F52000FE7848 /* SectionCollapseState.swift in Sources */ = {isa = PBXBuildFile; fileRef = 7EAD24022828F52000FE7848 /* SectionCollapseState.swift */; };
		7EAD24052828F53500FE7848 /* TaxDataSet.swift in Sources */ = {isa = PBXBuildFile; fileRef = 7EAD24042828F53500FE7848 /* TaxDataSet.swift */; };
		7ED1F93E282695A100BE003A /* ExportAsTextButton.swift in Sources */ = {isa = PBXBuildFile; fileRef = 7ED1F93D282695A100BE003A /* ExportAsTextButton.swift */; };
		7ED1F94028269C7000BE003A /* EmptyView.swift in Sources */ = {isa = PBXBuildFile; fileRef = 7ED1F93F28269C7000BE003A /* EmptyView.swift */; };
		7ED22FFE280C41AC0017ADEF /* FederalTaxesListSection.swift in Sources */ = {isa = PBXBuildFile; fileRef = 7ED22FFD280C41AC0017ADEF /* FederalTaxesListSection.swift */; };
		7ED23002280C461B0017ADEF /* FederalIncomeListSection.swift in Sources */ = {isa = PBXBuildFile; fileRef = 7ED23001280C461B0017ADEF /* FederalIncomeListSection.swift */; };
		7ED2300A280C4DA60017ADEF /* TaxSummaryListView.swift in Sources */ = {isa = PBXBuildFile; fileRef = 7ED23009280C4DA60017ADEF /* TaxSummaryListView.swift */; };
		7ED2300C280C4E250017ADEF /* StateTaxesListSection.swift in Sources */ = {isa = PBXBuildFile; fileRef = 7ED2300B280C4E250017ADEF /* StateTaxesListSection.swift */; };
/* End PBXBuildFile section */

/* Begin PBXContainerItemProxy section */
		7E822CFF2804515300096181 /* PBXContainerItemProxy */ = {
			isa = PBXContainerItemProxy;
			containerPortal = 7E822CE52804515100096181 /* Project object */;
			proxyType = 1;
			remoteGlobalIDString = 7E822CEC2804515100096181;
			remoteInfo = USTaxCal;
		};
		7E822D092804515300096181 /* PBXContainerItemProxy */ = {
			isa = PBXContainerItemProxy;
			containerPortal = 7E822CE52804515100096181 /* Project object */;
			proxyType = 1;
			remoteGlobalIDString = 7E822CEC2804515100096181;
			remoteInfo = USTaxCal;
		};
/* End PBXContainerItemProxy section */

/* Begin PBXFileReference section */
		7E0042EA280D0B3A00DE9B6E /* ExampleData.swift */ = {isa = PBXFileReference; fileEncoding = 4; lastKnownFileType = sourcecode.swift; path = ExampleData.swift; sourceTree = "<group>"; };
		7E0042EE280D0B4F00DE9B6E /* TaxSummaryFormatter.swift */ = {isa = PBXFileReference; fileEncoding = 4; lastKnownFileType = sourcecode.swift; path = TaxSummaryFormatter.swift; sourceTree = "<group>"; };
		7E0042EF280D0B4F00DE9B6E /* FormattingHelper.swift */ = {isa = PBXFileReference; fileEncoding = 4; lastKnownFileType = sourcecode.swift; path = FormattingHelper.swift; sourceTree = "<group>"; };
		7E0042F1280D0B4F00DE9B6E /* USTaxData.swift */ = {isa = PBXFileReference; fileEncoding = 4; lastKnownFileType = sourcecode.swift; path = USTaxData.swift; sourceTree = "<group>"; };
		7E0042F3280D0B4F00DE9B6E /* TaxSummaries.swift */ = {isa = PBXFileReference; fileEncoding = 4; lastKnownFileType = sourcecode.swift; path = TaxSummaries.swift; sourceTree = "<group>"; };
		7E0042F4280D0B4F00DE9B6E /* Tax.swift */ = {isa = PBXFileReference; fileEncoding = 4; lastKnownFileType = sourcecode.swift; path = Tax.swift; sourceTree = "<group>"; };
		7E0042F5280D0B4F00DE9B6E /* TaxFactory.swift */ = {isa = PBXFileReference; fileEncoding = 4; lastKnownFileType = sourcecode.swift; path = TaxFactory.swift; sourceTree = "<group>"; };
		7E0042F7280D0B4F00DE9B6E /* Income.swift */ = {isa = PBXFileReference; fileEncoding = 4; lastKnownFileType = sourcecode.swift; path = Income.swift; sourceTree = "<group>"; };
		7E0042F8280D0B4F00DE9B6E /* StateIncome.swift */ = {isa = PBXFileReference; fileEncoding = 4; lastKnownFileType = sourcecode.swift; path = StateIncome.swift; sourceTree = "<group>"; };
		7E0042FA280D0B4F00DE9B6E /* TaxBracketFactory.swift */ = {isa = PBXFileReference; fileEncoding = 4; lastKnownFileType = sourcecode.swift; path = TaxBracketFactory.swift; sourceTree = "<group>"; };
		7E0042FB280D0B4F00DE9B6E /* ProgressiveTaxBracketGenerator.swift */ = {isa = PBXFileReference; fileEncoding = 4; lastKnownFileType = sourcecode.swift; path = ProgressiveTaxBracketGenerator.swift; sourceTree = "<group>"; };
		7E0042FC280D0B4F00DE9B6E /* TaxBracket.swift */ = {isa = PBXFileReference; fileEncoding = 4; lastKnownFileType = sourcecode.swift; path = TaxBracket.swift; sourceTree = "<group>"; };
		7E0042FD280D0B4F00DE9B6E /* RawTaxRates.swift */ = {isa = PBXFileReference; fileEncoding = 4; lastKnownFileType = sourcecode.swift; path = RawTaxRates.swift; sourceTree = "<group>"; };
		7E0042FF280D0B4F00DE9B6E /* StandardDeductions.swift */ = {isa = PBXFileReference; fileEncoding = 4; lastKnownFileType = sourcecode.swift; path = StandardDeductions.swift; sourceTree = "<group>"; };
		7E004300280D0B4F00DE9B6E /* DeductionAmount.swift */ = {isa = PBXFileReference; fileEncoding = 4; lastKnownFileType = sourcecode.swift; path = DeductionAmount.swift; sourceTree = "<group>"; };
		7E00430F280D0D7300DE9B6E /* Colors.swift */ = {isa = PBXFileReference; lastKnownFileType = sourcecode.swift; path = Colors.swift; sourceTree = "<group>"; };
		7E00D8F9282798EC00375917 /* ExplainableValueButton.swift */ = {isa = PBXFileReference; lastKnownFileType = sourcecode.swift; path = ExplainableValueButton.swift; sourceTree = "<group>"; };
		7E4215CF28059FDD0030C291 /* MainView.swift */ = {isa = PBXFileReference; lastKnownFileType = sourcecode.swift; path = MainView.swift; sourceTree = "<group>"; };
		7E4215D62805A3800030C291 /* MenuView.swift */ = {isa = PBXFileReference; lastKnownFileType = sourcecode.swift; path = MenuView.swift; sourceTree = "<group>"; };
		7E43AE1A2825546F004D5F2A /* CollapsableSection.swift */ = {isa = PBXFileReference; lastKnownFileType = sourcecode.swift; path = CollapsableSection.swift; sourceTree = "<group>"; };
		7E822CED2804515100096181 /* USTaxCal.app */ = {isa = PBXFileReference; explicitFileType = wrapper.application; includeInIndex = 0; path = USTaxCal.app; sourceTree = BUILT_PRODUCTS_DIR; };
		7E822CF02804515100096181 /* USTaxCalulatorApp.swift */ = {isa = PBXFileReference; lastKnownFileType = sourcecode.swift; path = USTaxCalulatorApp.swift; sourceTree = "<group>"; };
		7E822CF22804515100096181 /* TaxDataView.swift */ = {isa = PBXFileReference; lastKnownFileType = sourcecode.swift; path = TaxDataView.swift; sourceTree = "<group>"; };
		7E822CF42804515200096181 /* Assets.xcassets */ = {isa = PBXFileReference; lastKnownFileType = folder.assetcatalog; path = Assets.xcassets; sourceTree = "<group>"; };
		7E822CF92804515200096181 /* USTaxCalculatorUI.entitlements */ = {isa = PBXFileReference; lastKnownFileType = text.plist.entitlements; path = USTaxCalculatorUI.entitlements; sourceTree = "<group>"; };
		7E822CFE2804515300096181 /* USTaxCalTests.xctest */ = {isa = PBXFileReference; explicitFileType = wrapper.cfbundle; includeInIndex = 0; path = USTaxCalTests.xctest; sourceTree = BUILT_PRODUCTS_DIR; };
		7E822D082804515300096181 /* USTaxCalUITests.xctest */ = {isa = PBXFileReference; explicitFileType = wrapper.cfbundle; includeInIndex = 0; path = USTaxCalUITests.xctest; sourceTree = BUILT_PRODUCTS_DIR; };
		7E822D402804601C00096181 /* CurrencyView.swift */ = {isa = PBXFileReference; lastKnownFileType = sourcecode.swift; path = CurrencyView.swift; sourceTree = "<group>"; };
		7EAD23FD2827D71F00FE7848 /* IncomeEntryView.swift */ = {isa = PBXFileReference; lastKnownFileType = sourcecode.swift; path = IncomeEntryView.swift; sourceTree = "<group>"; };
		7EAD23FF2827E3E500FE7848 /* StateIncomeEntryView.swift */ = {isa = PBXFileReference; lastKnownFileType = sourcecode.swift; path = StateIncomeEntryView.swift; sourceTree = "<group>"; };
		7EAD24022828F52000FE7848 /* SectionCollapseState.swift */ = {isa = PBXFileReference; lastKnownFileType = sourcecode.swift; path = SectionCollapseState.swift; sourceTree = "<group>"; };
		7EAD24042828F53500FE7848 /* TaxDataSet.swift */ = {isa = PBXFileReference; lastKnownFileType = sourcecode.swift; path = TaxDataSet.swift; sourceTree = "<group>"; };
		7ED1F93D282695A100BE003A /* ExportAsTextButton.swift */ = {isa = PBXFileReference; lastKnownFileType = sourcecode.swift; path = ExportAsTextButton.swift; sourceTree = "<group>"; };
		7ED1F93F28269C7000BE003A /* EmptyView.swift */ = {isa = PBXFileReference; lastKnownFileType = sourcecode.swift; path = EmptyView.swift; sourceTree = "<group>"; };
		7ED22FFD280C41AC0017ADEF /* FederalTaxesListSection.swift */ = {isa = PBXFileReference; lastKnownFileType = sourcecode.swift; path = FederalTaxesListSection.swift; sourceTree = "<group>"; };
		7ED23001280C461B0017ADEF /* FederalIncomeListSection.swift */ = {isa = PBXFileReference; lastKnownFileType = sourcecode.swift; path = FederalIncomeListSection.swift; sourceTree = "<group>"; };
		7ED23009280C4DA60017ADEF /* TaxSummaryListView.swift */ = {isa = PBXFileReference; lastKnownFileType = sourcecode.swift; path = TaxSummaryListView.swift; sourceTree = "<group>"; };
		7ED2300B280C4E250017ADEF /* StateTaxesListSection.swift */ = {isa = PBXFileReference; lastKnownFileType = sourcecode.swift; path = StateTaxesListSection.swift; sourceTree = "<group>"; };
/* End PBXFileReference section */

/* Begin PBXFrameworksBuildPhase section */
		7E822CEA2804515100096181 /* Frameworks */ = {
			isa = PBXFrameworksBuildPhase;
			buildActionMask = 2147483647;
			files = (
			);
			runOnlyForDeploymentPostprocessing = 0;
		};
		7E822CFB2804515300096181 /* Frameworks */ = {
			isa = PBXFrameworksBuildPhase;
			buildActionMask = 2147483647;
			files = (
			);
			runOnlyForDeploymentPostprocessing = 0;
		};
		7E822D052804515300096181 /* Frameworks */ = {
			isa = PBXFrameworksBuildPhase;
			buildActionMask = 2147483647;
			files = (
			);
			runOnlyForDeploymentPostprocessing = 0;
		};
/* End PBXFrameworksBuildPhase section */

/* Begin PBXGroup section */
		7E0042E9280D0B3A00DE9B6E /* Models */ = {
			isa = PBXGroup;
			children = (
				7E00430F280D0D7300DE9B6E /* Colors.swift */,
				7E0042EA280D0B3A00DE9B6E /* ExampleData.swift */,
				7EAD24022828F52000FE7848 /* SectionCollapseState.swift */,
				7EAD24042828F53500FE7848 /* TaxDataSet.swift */,
			);
			path = Models;
			sourceTree = "<group>";
		};
		7E0042EC280D0B4600DE9B6E /* Calc */ = {
			isa = PBXGroup;
			children = (
				7E0042FE280D0B4F00DE9B6E /* Deductions */,
				7E0042ED280D0B4F00DE9B6E /* Formatter */,
				7E0042F6280D0B4F00DE9B6E /* Income */,
				7E0042F9280D0B4F00DE9B6E /* TaxBrackets */,
				7E0042F0280D0B4F00DE9B6E /* TaxData */,
				7E0042F2280D0B4F00DE9B6E /* Taxes */,
			);
			name = Calc;
			path = ../USTaxCalculator;
			sourceTree = "<group>";
		};
		7E0042ED280D0B4F00DE9B6E /* Formatter */ = {
			isa = PBXGroup;
			children = (
				7E0042EE280D0B4F00DE9B6E /* TaxSummaryFormatter.swift */,
				7E0042EF280D0B4F00DE9B6E /* FormattingHelper.swift */,
			);
			path = Formatter;
			sourceTree = "<group>";
		};
		7E0042F0280D0B4F00DE9B6E /* TaxData */ = {
			isa = PBXGroup;
			children = (
				7E0042F1280D0B4F00DE9B6E /* USTaxData.swift */,
			);
			path = TaxData;
			sourceTree = "<group>";
		};
		7E0042F2280D0B4F00DE9B6E /* Taxes */ = {
			isa = PBXGroup;
			children = (
				7E0042F3280D0B4F00DE9B6E /* TaxSummaries.swift */,
				7E0042F4280D0B4F00DE9B6E /* Tax.swift */,
				7E0042F5280D0B4F00DE9B6E /* TaxFactory.swift */,
			);
			path = Taxes;
			sourceTree = "<group>";
		};
		7E0042F6280D0B4F00DE9B6E /* Income */ = {
			isa = PBXGroup;
			children = (
				7E0042F7280D0B4F00DE9B6E /* Income.swift */,
				7E0042F8280D0B4F00DE9B6E /* StateIncome.swift */,
			);
			path = Income;
			sourceTree = "<group>";
		};
		7E0042F9280D0B4F00DE9B6E /* TaxBrackets */ = {
			isa = PBXGroup;
			children = (
				7E0042FA280D0B4F00DE9B6E /* TaxBracketFactory.swift */,
				7E0042FB280D0B4F00DE9B6E /* ProgressiveTaxBracketGenerator.swift */,
				7E0042FC280D0B4F00DE9B6E /* TaxBracket.swift */,
				7E0042FD280D0B4F00DE9B6E /* RawTaxRates.swift */,
			);
			path = TaxBrackets;
			sourceTree = "<group>";
		};
		7E0042FE280D0B4F00DE9B6E /* Deductions */ = {
			isa = PBXGroup;
			children = (
				7E0042FF280D0B4F00DE9B6E /* StandardDeductions.swift */,
				7E004300280D0B4F00DE9B6E /* DeductionAmount.swift */,
			);
			path = Deductions;
			sourceTree = "<group>";
		};
		7E4215D12805A00F0030C291 /* Views */ = {
			isa = PBXGroup;
			children = (
				7EAD24062828F57A00FE7848 /* Buttons */,
				7EAD24072828F5B500FE7848 /* Generic Views */,
				7EAD24092828F63A00FE7848 /* Input */,
				7EAD240A2828F65500FE7848 /* TaxDataList */,
				7EAD24082828F62B00FE7848 /* TopLevel */,
			);
			path = Views;
			sourceTree = "<group>";
		};
		7E822CE42804515100096181 = {
			isa = PBXGroup;
			children = (
				7E822CEF2804515100096181 /* USTaxCal */,
				7E822CEE2804515100096181 /* Products */,
			);
			sourceTree = "<group>";
		};
		7E822CEE2804515100096181 /* Products */ = {
			isa = PBXGroup;
			children = (
				7E822CED2804515100096181 /* USTaxCal.app */,
				7E822CFE2804515300096181 /* USTaxCalTests.xctest */,
				7E822D082804515300096181 /* USTaxCalUITests.xctest */,
			);
			name = Products;
			sourceTree = "<group>";
		};
		7E822CEF2804515100096181 /* USTaxCal */ = {
			isa = PBXGroup;
			children = (
				7E822CF42804515200096181 /* Assets.xcassets */,
				7E0042EC280D0B4600DE9B6E /* Calc */,
				7E0042E9280D0B3A00DE9B6E /* Models */,
				7E822CF92804515200096181 /* USTaxCalculatorUI.entitlements */,
				7E822CF02804515100096181 /* USTaxCalulatorApp.swift */,
				7E4215D12805A00F0030C291 /* Views */,
			);
			name = USTaxCal;
			path = USTaxCalculatorUI;
			sourceTree = "<group>";
		};
		7EAD24062828F57A00FE7848 /* Buttons */ = {
			isa = PBXGroup;
			children = (
				7E00D8F9282798EC00375917 /* ExplainableValueButton.swift */,
				7ED1F93D282695A100BE003A /* ExportAsTextButton.swift */,
			);
			path = Buttons;
			sourceTree = "<group>";
		};
		7EAD24072828F5B500FE7848 /* Generic Views */ = {
			isa = PBXGroup;
			children = (
				7E43AE1A2825546F004D5F2A /* CollapsableSection.swift */,
			);
			path = "Generic Views";
			sourceTree = "<group>";
		};
		7EAD24082828F62B00FE7848 /* TopLevel */ = {
			isa = PBXGroup;
			children = (
				7ED1F93F28269C7000BE003A /* EmptyView.swift */,
				7E4215CF28059FDD0030C291 /* MainView.swift */,
				7E4215D62805A3800030C291 /* MenuView.swift */,
				7E822CF22804515100096181 /* TaxDataView.swift */,
			);
			path = TopLevel;
			sourceTree = "<group>";
		};
		7EAD24092828F63A00FE7848 /* Input */ = {
			isa = PBXGroup;
			children = (
				7EAD23FD2827D71F00FE7848 /* IncomeEntryView.swift */,
				7EAD23FF2827E3E500FE7848 /* StateIncomeEntryView.swift */,
			);
			path = Input;
			sourceTree = "<group>";
		};
		7EAD240A2828F65500FE7848 /* TaxDataList */ = {
			isa = PBXGroup;
			children = (
				7E822D402804601C00096181 /* CurrencyView.swift */,
				7ED23001280C461B0017ADEF /* FederalIncomeListSection.swift */,
				7ED22FFD280C41AC0017ADEF /* FederalTaxesListSection.swift */,
				7ED2300B280C4E250017ADEF /* StateTaxesListSection.swift */,
				7ED23009280C4DA60017ADEF /* TaxSummaryListView.swift */,
			);
			path = TaxDataList;
			sourceTree = "<group>";
		};
/* End PBXGroup section */

/* Begin PBXNativeTarget section */
		7E822CEC2804515100096181 /* USTaxCal */ = {
			isa = PBXNativeTarget;
			buildConfigurationList = 7E822D122804515300096181 /* Build configuration list for PBXNativeTarget "USTaxCal" */;
			buildPhases = (
				7E822CE92804515100096181 /* Sources */,
				7E822CEA2804515100096181 /* Frameworks */,
				7E822CEB2804515100096181 /* Resources */,
			);
			buildRules = (
			);
			dependencies = (
			);
			name = USTaxCal;
			productName = USTaxCal;
			productReference = 7E822CED2804515100096181 /* USTaxCal.app */;
			productType = "com.apple.product-type.application";
		};
		7E822CFD2804515300096181 /* USTaxCalTests */ = {
			isa = PBXNativeTarget;
			buildConfigurationList = 7E822D152804515300096181 /* Build configuration list for PBXNativeTarget "USTaxCalTests" */;
			buildPhases = (
				7E822CFA2804515300096181 /* Sources */,
				7E822CFB2804515300096181 /* Frameworks */,
				7E822CFC2804515300096181 /* Resources */,
			);
			buildRules = (
			);
			dependencies = (
				7E822D002804515300096181 /* PBXTargetDependency */,
			);
			name = USTaxCalTests;
			productName = USTaxCalTests;
			productReference = 7E822CFE2804515300096181 /* USTaxCalTests.xctest */;
			productType = "com.apple.product-type.bundle.unit-test";
		};
		7E822D072804515300096181 /* USTaxCalUITests */ = {
			isa = PBXNativeTarget;
			buildConfigurationList = 7E822D182804515300096181 /* Build configuration list for PBXNativeTarget "USTaxCalUITests" */;
			buildPhases = (
				7E822D042804515300096181 /* Sources */,
				7E822D052804515300096181 /* Frameworks */,
				7E822D062804515300096181 /* Resources */,
			);
			buildRules = (
			);
			dependencies = (
				7E822D0A2804515300096181 /* PBXTargetDependency */,
			);
			name = USTaxCalUITests;
			productName = USTaxCalUITests;
			productReference = 7E822D082804515300096181 /* USTaxCalUITests.xctest */;
			productType = "com.apple.product-type.bundle.ui-testing";
		};
/* End PBXNativeTarget section */

/* Begin PBXProject section */
		7E822CE52804515100096181 /* Project object */ = {
			isa = PBXProject;
			attributes = {
				BuildIndependentTargetsInParallel = 1;
				LastSwiftUpdateCheck = 1330;
				LastUpgradeCheck = 1330;
				TargetAttributes = {
					7E822CEC2804515100096181 = {
						CreatedOnToolsVersion = 13.3;
					};
					7E822CFD2804515300096181 = {
						CreatedOnToolsVersion = 13.3;
						TestTargetID = 7E822CEC2804515100096181;
					};
					7E822D072804515300096181 = {
						CreatedOnToolsVersion = 13.3;
						TestTargetID = 7E822CEC2804515100096181;
					};
				};
			};
			buildConfigurationList = 7E822CE82804515100096181 /* Build configuration list for PBXProject "USTaxCalculatorUI" */;
			compatibilityVersion = "Xcode 13.0";
			developmentRegion = en;
			hasScannedForEncodings = 0;
			knownRegions = (
				en,
				Base,
			);
			mainGroup = 7E822CE42804515100096181;
			productRefGroup = 7E822CEE2804515100096181 /* Products */;
			projectDirPath = "";
			projectRoot = "";
			targets = (
				7E822CEC2804515100096181 /* USTaxCal */,
				7E822CFD2804515300096181 /* USTaxCalTests */,
				7E822D072804515300096181 /* USTaxCalUITests */,
			);
		};
/* End PBXProject section */

/* Begin PBXResourcesBuildPhase section */
		7E822CEB2804515100096181 /* Resources */ = {
			isa = PBXResourcesBuildPhase;
			buildActionMask = 2147483647;
			files = (
				7E822CF52804515200096181 /* Assets.xcassets in Resources */,
			);
			runOnlyForDeploymentPostprocessing = 0;
		};
		7E822CFC2804515300096181 /* Resources */ = {
			isa = PBXResourcesBuildPhase;
			buildActionMask = 2147483647;
			files = (
			);
			runOnlyForDeploymentPostprocessing = 0;
		};
		7E822D062804515300096181 /* Resources */ = {
			isa = PBXResourcesBuildPhase;
			buildActionMask = 2147483647;
			files = (
			);
			runOnlyForDeploymentPostprocessing = 0;
		};
/* End PBXResourcesBuildPhase section */

/* Begin PBXSourcesBuildPhase section */
		7E822CE92804515100096181 /* Sources */ = {
			isa = PBXSourcesBuildPhase;
			buildActionMask = 2147483647;
			files = (
				7EAD24002827E3E500FE7848 /* StateIncomeEntryView.swift in Sources */,
				7E004307280D0B4F00DE9B6E /* Income.swift in Sources */,
				7E004306280D0B4F00DE9B6E /* TaxFactory.swift in Sources */,
				7E4215D028059FDD0030C291 /* MainView.swift in Sources */,
				7E00D8FA282798EC00375917 /* ExplainableValueButton.swift in Sources */,
				7E00430E280D0B4F00DE9B6E /* DeductionAmount.swift in Sources */,
				7E4215D72805A3800030C291 /* MenuView.swift in Sources */,
				7ED2300C280C4E250017ADEF /* StateTaxesListSection.swift in Sources */,
				7E004310280D0D7300DE9B6E /* Colors.swift in Sources */,
				7E822CF32804515100096181 /* TaxDataView.swift in Sources */,
				7E004304280D0B4F00DE9B6E /* TaxSummaries.swift in Sources */,
				7EAD24052828F53500FE7848 /* TaxDataSet.swift in Sources */,
				7E0042EB280D0B3A00DE9B6E /* ExampleData.swift in Sources */,
				7E43AE1B2825546F004D5F2A /* CollapsableSection.swift in Sources */,
				7E00430C280D0B4F00DE9B6E /* RawTaxRates.swift in Sources */,
				7ED1F93E282695A100BE003A /* ExportAsTextButton.swift in Sources */,
				7E004301280D0B4F00DE9B6E /* TaxSummaryFormatter.swift in Sources */,
				7ED1F94028269C7000BE003A /* EmptyView.swift in Sources */,
				7E822CF12804515100096181 /* USTaxCalulatorApp.swift in Sources */,
				7E00430B280D0B4F00DE9B6E /* TaxBracket.swift in Sources */,
				7E00430D280D0B4F00DE9B6E /* StandardDeductions.swift in Sources */,
				7E004309280D0B4F00DE9B6E /* TaxBracketFactory.swift in Sources */,
				7ED22FFE280C41AC0017ADEF /* FederalTaxesListSection.swift in Sources */,
				7E00430A280D0B4F00DE9B6E /* ProgressiveTaxBracketGenerator.swift in Sources */,
				7E004302280D0B4F00DE9B6E /* FormattingHelper.swift in Sources */,
				7E004308280D0B4F00DE9B6E /* StateIncome.swift in Sources */,
				7ED2300A280C4DA60017ADEF /* TaxSummaryListView.swift in Sources */,
				7EAD23FE2827D71F00FE7848 /* IncomeEntryView.swift in Sources */,
				7E822D412804601C00096181 /* CurrencyView.swift in Sources */,
				7E004305280D0B4F00DE9B6E /* Tax.swift in Sources */,
				7E004303280D0B4F00DE9B6E /* USTaxData.swift in Sources */,
				7EAD24032828F52000FE7848 /* SectionCollapseState.swift in Sources */,
				7ED23002280C461B0017ADEF /* FederalIncomeListSection.swift in Sources */,
			);
			runOnlyForDeploymentPostprocessing = 0;
		};
		7E822CFA2804515300096181 /* Sources */ = {
			isa = PBXSourcesBuildPhase;
			buildActionMask = 2147483647;
			files = (
			);
			runOnlyForDeploymentPostprocessing = 0;
		};
		7E822D042804515300096181 /* Sources */ = {
			isa = PBXSourcesBuildPhase;
			buildActionMask = 2147483647;
			files = (
			);
			runOnlyForDeploymentPostprocessing = 0;
		};
/* End PBXSourcesBuildPhase section */

/* Begin PBXTargetDependency section */
		7E822D002804515300096181 /* PBXTargetDependency */ = {
			isa = PBXTargetDependency;
			target = 7E822CEC2804515100096181 /* USTaxCal */;
			targetProxy = 7E822CFF2804515300096181 /* PBXContainerItemProxy */;
		};
		7E822D0A2804515300096181 /* PBXTargetDependency */ = {
			isa = PBXTargetDependency;
			target = 7E822CEC2804515100096181 /* USTaxCal */;
			targetProxy = 7E822D092804515300096181 /* PBXContainerItemProxy */;
		};
/* End PBXTargetDependency section */

/* Begin XCBuildConfiguration section */
		7E822D102804515300096181 /* Debug */ = {
			isa = XCBuildConfiguration;
			buildSettings = {
				ALWAYS_SEARCH_USER_PATHS = NO;
				CLANG_ANALYZER_NONNULL = YES;
				CLANG_ANALYZER_NUMBER_OBJECT_CONVERSION = YES_AGGRESSIVE;
				CLANG_CXX_LANGUAGE_STANDARD = "gnu++17";
				CLANG_ENABLE_MODULES = YES;
				CLANG_ENABLE_OBJC_ARC = YES;
				CLANG_ENABLE_OBJC_WEAK = YES;
				CLANG_WARN_BLOCK_CAPTURE_AUTORELEASING = YES;
				CLANG_WARN_BOOL_CONVERSION = YES;
				CLANG_WARN_COMMA = YES;
				CLANG_WARN_CONSTANT_CONVERSION = YES;
				CLANG_WARN_DEPRECATED_OBJC_IMPLEMENTATIONS = YES;
				CLANG_WARN_DIRECT_OBJC_ISA_USAGE = YES_ERROR;
				CLANG_WARN_DOCUMENTATION_COMMENTS = YES;
				CLANG_WARN_EMPTY_BODY = YES;
				CLANG_WARN_ENUM_CONVERSION = YES;
				CLANG_WARN_INFINITE_RECURSION = YES;
				CLANG_WARN_INT_CONVERSION = YES;
				CLANG_WARN_NON_LITERAL_NULL_CONVERSION = YES;
				CLANG_WARN_OBJC_IMPLICIT_RETAIN_SELF = YES;
				CLANG_WARN_OBJC_LITERAL_CONVERSION = YES;
				CLANG_WARN_OBJC_ROOT_CLASS = YES_ERROR;
				CLANG_WARN_QUOTED_INCLUDE_IN_FRAMEWORK_HEADER = YES;
				CLANG_WARN_RANGE_LOOP_ANALYSIS = YES;
				CLANG_WARN_STRICT_PROTOTYPES = YES;
				CLANG_WARN_SUSPICIOUS_MOVE = YES;
				CLANG_WARN_UNGUARDED_AVAILABILITY = YES_AGGRESSIVE;
				CLANG_WARN_UNREACHABLE_CODE = YES;
				CLANG_WARN__DUPLICATE_METHOD_MATCH = YES;
				COPY_PHASE_STRIP = NO;
				DEBUG_INFORMATION_FORMAT = dwarf;
				ENABLE_STRICT_OBJC_MSGSEND = YES;
				ENABLE_TESTABILITY = YES;
				GCC_C_LANGUAGE_STANDARD = gnu11;
				GCC_DYNAMIC_NO_PIC = NO;
				GCC_NO_COMMON_BLOCKS = YES;
				GCC_OPTIMIZATION_LEVEL = 0;
				GCC_PREPROCESSOR_DEFINITIONS = (
					"DEBUG=1",
					"$(inherited)",
				);
				GCC_WARN_64_TO_32_BIT_CONVERSION = YES;
				GCC_WARN_ABOUT_RETURN_TYPE = YES_ERROR;
				GCC_WARN_UNDECLARED_SELECTOR = YES;
				GCC_WARN_UNINITIALIZED_AUTOS = YES_AGGRESSIVE;
				GCC_WARN_UNUSED_FUNCTION = YES;
				GCC_WARN_UNUSED_VARIABLE = YES;
				MACOSX_DEPLOYMENT_TARGET = 12.3;
				MTL_ENABLE_DEBUG_INFO = INCLUDE_SOURCE;
				MTL_FAST_MATH = YES;
				ONLY_ACTIVE_ARCH = YES;
				SDKROOT = macosx;
				SWIFT_ACTIVE_COMPILATION_CONDITIONS = DEBUG;
				SWIFT_OPTIMIZATION_LEVEL = "-Onone";
			};
			name = Debug;
		};
		7E822D112804515300096181 /* Release */ = {
			isa = XCBuildConfiguration;
			buildSettings = {
				ALWAYS_SEARCH_USER_PATHS = NO;
				CLANG_ANALYZER_NONNULL = YES;
				CLANG_ANALYZER_NUMBER_OBJECT_CONVERSION = YES_AGGRESSIVE;
				CLANG_CXX_LANGUAGE_STANDARD = "gnu++17";
				CLANG_ENABLE_MODULES = YES;
				CLANG_ENABLE_OBJC_ARC = YES;
				CLANG_ENABLE_OBJC_WEAK = YES;
				CLANG_WARN_BLOCK_CAPTURE_AUTORELEASING = YES;
				CLANG_WARN_BOOL_CONVERSION = YES;
				CLANG_WARN_COMMA = YES;
				CLANG_WARN_CONSTANT_CONVERSION = YES;
				CLANG_WARN_DEPRECATED_OBJC_IMPLEMENTATIONS = YES;
				CLANG_WARN_DIRECT_OBJC_ISA_USAGE = YES_ERROR;
				CLANG_WARN_DOCUMENTATION_COMMENTS = YES;
				CLANG_WARN_EMPTY_BODY = YES;
				CLANG_WARN_ENUM_CONVERSION = YES;
				CLANG_WARN_INFINITE_RECURSION = YES;
				CLANG_WARN_INT_CONVERSION = YES;
				CLANG_WARN_NON_LITERAL_NULL_CONVERSION = YES;
				CLANG_WARN_OBJC_IMPLICIT_RETAIN_SELF = YES;
				CLANG_WARN_OBJC_LITERAL_CONVERSION = YES;
				CLANG_WARN_OBJC_ROOT_CLASS = YES_ERROR;
				CLANG_WARN_QUOTED_INCLUDE_IN_FRAMEWORK_HEADER = YES;
				CLANG_WARN_RANGE_LOOP_ANALYSIS = YES;
				CLANG_WARN_STRICT_PROTOTYPES = YES;
				CLANG_WARN_SUSPICIOUS_MOVE = YES;
				CLANG_WARN_UNGUARDED_AVAILABILITY = YES_AGGRESSIVE;
				CLANG_WARN_UNREACHABLE_CODE = YES;
				CLANG_WARN__DUPLICATE_METHOD_MATCH = YES;
				COPY_PHASE_STRIP = NO;
				DEBUG_INFORMATION_FORMAT = "dwarf-with-dsym";
				ENABLE_NS_ASSERTIONS = NO;
				ENABLE_STRICT_OBJC_MSGSEND = YES;
				GCC_C_LANGUAGE_STANDARD = gnu11;
				GCC_NO_COMMON_BLOCKS = YES;
				GCC_WARN_64_TO_32_BIT_CONVERSION = YES;
				GCC_WARN_ABOUT_RETURN_TYPE = YES_ERROR;
				GCC_WARN_UNDECLARED_SELECTOR = YES;
				GCC_WARN_UNINITIALIZED_AUTOS = YES_AGGRESSIVE;
				GCC_WARN_UNUSED_FUNCTION = YES;
				GCC_WARN_UNUSED_VARIABLE = YES;
				MACOSX_DEPLOYMENT_TARGET = 12.3;
				MTL_ENABLE_DEBUG_INFO = NO;
				MTL_FAST_MATH = YES;
				SDKROOT = macosx;
				SWIFT_COMPILATION_MODE = wholemodule;
				SWIFT_OPTIMIZATION_LEVEL = "-O";
			};
			name = Release;
		};
		7E822D132804515300096181 /* Debug */ = {
			isa = XCBuildConfiguration;
			buildSettings = {
				ASSETCATALOG_COMPILER_APPICON_NAME = AppIcon;
				ASSETCATALOG_COMPILER_GLOBAL_ACCENT_COLOR_NAME = AccentColor;
				CODE_SIGN_ENTITLEMENTS = USTaxCalculatorUI/USTaxCalculatorUI.entitlements;
				CODE_SIGN_STYLE = Automatic;
				COMBINE_HIDPI_IMAGES = YES;
				CURRENT_PROJECT_VERSION = 1;
				ENABLE_PREVIEWS = YES;
				GENERATE_INFOPLIST_FILE = YES;
				INFOPLIST_KEY_NSHumanReadableCopyright = "";
				LD_RUNPATH_SEARCH_PATHS = (
					"$(inherited)",
					"@executable_path/../Frameworks",
				);
				MARKETING_VERSION = 1.0;
				PRODUCT_BUNDLE_IDENTIFIER = calimarkus.USTaxCal;
				PRODUCT_NAME = "$(TARGET_NAME)";
				SWIFT_EMIT_LOC_STRINGS = YES;
				SWIFT_VERSION = 5.0;
			};
			name = Debug;
		};
		7E822D142804515300096181 /* Release */ = {
			isa = XCBuildConfiguration;
			buildSettings = {
				ASSETCATALOG_COMPILER_APPICON_NAME = AppIcon;
				ASSETCATALOG_COMPILER_GLOBAL_ACCENT_COLOR_NAME = AccentColor;
				CODE_SIGN_ENTITLEMENTS = USTaxCalculatorUI/USTaxCalculatorUI.entitlements;
				CODE_SIGN_STYLE = Automatic;
				COMBINE_HIDPI_IMAGES = YES;
				CURRENT_PROJECT_VERSION = 1;
				ENABLE_PREVIEWS = YES;
				GENERATE_INFOPLIST_FILE = YES;
				INFOPLIST_KEY_NSHumanReadableCopyright = "";
				LD_RUNPATH_SEARCH_PATHS = (
					"$(inherited)",
					"@executable_path/../Frameworks",
				);
				MARKETING_VERSION = 1.0;
				PRODUCT_BUNDLE_IDENTIFIER = calimarkus.USTaxCal;
				PRODUCT_NAME = "$(TARGET_NAME)";
				SWIFT_EMIT_LOC_STRINGS = YES;
				SWIFT_VERSION = 5.0;
			};
			name = Release;
		};
		7E822D162804515300096181 /* Debug */ = {
			isa = XCBuildConfiguration;
			buildSettings = {
				ALWAYS_EMBED_SWIFT_STANDARD_LIBRARIES = YES;
				BUNDLE_LOADER = "$(TEST_HOST)";
				CODE_SIGN_STYLE = Automatic;
				CURRENT_PROJECT_VERSION = 1;
				GENERATE_INFOPLIST_FILE = YES;
				MACOSX_DEPLOYMENT_TARGET = 12.3;
				MARKETING_VERSION = 1.0;
				PRODUCT_BUNDLE_IDENTIFIER = calimarkus.USTaxCalTests;
				PRODUCT_NAME = "$(TARGET_NAME)";
				SWIFT_EMIT_LOC_STRINGS = NO;
				SWIFT_VERSION = 5.0;
				TEST_HOST = "$(BUILT_PRODUCTS_DIR)/USTaxCal.app/Contents/MacOS/USTaxCal";
			};
			name = Debug;
		};
		7E822D172804515300096181 /* Release */ = {
			isa = XCBuildConfiguration;
			buildSettings = {
				ALWAYS_EMBED_SWIFT_STANDARD_LIBRARIES = YES;
				BUNDLE_LOADER = "$(TEST_HOST)";
				CODE_SIGN_STYLE = Automatic;
				CURRENT_PROJECT_VERSION = 1;
				GENERATE_INFOPLIST_FILE = YES;
				MACOSX_DEPLOYMENT_TARGET = 12.3;
				MARKETING_VERSION = 1.0;
				PRODUCT_BUNDLE_IDENTIFIER = calimarkus.USTaxCalTests;
				PRODUCT_NAME = "$(TARGET_NAME)";
				SWIFT_EMIT_LOC_STRINGS = NO;
				SWIFT_VERSION = 5.0;
				TEST_HOST = "$(BUILT_PRODUCTS_DIR)/USTaxCal.app/Contents/MacOS/USTaxCal";
			};
			name = Release;
		};
		7E822D192804515300096181 /* Debug */ = {
			isa = XCBuildConfiguration;
			buildSettings = {
				ALWAYS_EMBED_SWIFT_STANDARD_LIBRARIES = YES;
				CODE_SIGN_STYLE = Automatic;
				CURRENT_PROJECT_VERSION = 1;
				GENERATE_INFOPLIST_FILE = YES;
				MARKETING_VERSION = 1.0;
				PRODUCT_BUNDLE_IDENTIFIER = calimarkus.USTaxCalUITests;
				PRODUCT_NAME = "$(TARGET_NAME)";
				SWIFT_EMIT_LOC_STRINGS = NO;
				SWIFT_VERSION = 5.0;
				TEST_TARGET_NAME = USTaxCal;
			};
			name = Debug;
		};
		7E822D1A2804515300096181 /* Release */ = {
			isa = XCBuildConfiguration;
			buildSettings = {
				ALWAYS_EMBED_SWIFT_STANDARD_LIBRARIES = YES;
				CODE_SIGN_STYLE = Automatic;
				CURRENT_PROJECT_VERSION = 1;
				GENERATE_INFOPLIST_FILE = YES;
				MARKETING_VERSION = 1.0;
				PRODUCT_BUNDLE_IDENTIFIER = calimarkus.USTaxCalUITests;
				PRODUCT_NAME = "$(TARGET_NAME)";
				SWIFT_EMIT_LOC_STRINGS = NO;
				SWIFT_VERSION = 5.0;
				TEST_TARGET_NAME = USTaxCal;
			};
			name = Release;
		};
/* End XCBuildConfiguration section */

/* Begin XCConfigurationList section */
		7E822CE82804515100096181 /* Build configuration list for PBXProject "USTaxCalculatorUI" */ = {
			isa = XCConfigurationList;
			buildConfigurations = (
				7E822D102804515300096181 /* Debug */,
				7E822D112804515300096181 /* Release */,
			);
			defaultConfigurationIsVisible = 0;
			defaultConfigurationName = Release;
		};
		7E822D122804515300096181 /* Build configuration list for PBXNativeTarget "USTaxCal" */ = {
			isa = XCConfigurationList;
			buildConfigurations = (
				7E822D132804515300096181 /* Debug */,
				7E822D142804515300096181 /* Release */,
			);
			defaultConfigurationIsVisible = 0;
			defaultConfigurationName = Release;
		};
		7E822D152804515300096181 /* Build configuration list for PBXNativeTarget "USTaxCalTests" */ = {
			isa = XCConfigurationList;
			buildConfigurations = (
				7E822D162804515300096181 /* Debug */,
				7E822D172804515300096181 /* Release */,
			);
			defaultConfigurationIsVisible = 0;
			defaultConfigurationName = Release;
		};
		7E822D182804515300096181 /* Build configuration list for PBXNativeTarget "USTaxCalUITests" */ = {
			isa = XCConfigurationList;
			buildConfigurations = (
				7E822D192804515300096181 /* Debug */,
				7E822D1A2804515300096181 /* Release */,
			);
			defaultConfigurationIsVisible = 0;
			defaultConfigurationName = Release;
		};
/* End XCConfigurationList section */
	};
	rootObject = 7E822CE52804515100096181 /* Project object */;
}
