// !$*UTF8*$!
{
	archiveVersion = 1;
	classes = {
	};
	objectVersion = 55;
	objects = {

/* Begin PBXBuildFile section */
		7E059777282B37910067DB7D /* DeductionAmountBindings.swift in Sources */ = {isa = PBXBuildFile; fileRef = 7E059776282B37910067DB7D /* DeductionAmountBindings.swift */; };
		7E059779282B43A70067DB7D /* IncomeAmountBindings.swift in Sources */ = {isa = PBXBuildFile; fileRef = 7E059778282B43A70067DB7D /* IncomeAmountBindings.swift */; };
		7E05977B282B45EB0067DB7D /* DeductionsPickerView.swift in Sources */ = {isa = PBXBuildFile; fileRef = 7E05977A282B45EB0067DB7D /* DeductionsPickerView.swift */; };
		7E05977D282B4AE50067DB7D /* TaxReductionsEntryView.swift in Sources */ = {isa = PBXBuildFile; fileRef = 7E05977C282B4AE50067DB7D /* TaxReductionsEntryView.swift */; };
		7E1672EC282A0970009185B2 /* CurrencyValueInputView.swift in Sources */ = {isa = PBXBuildFile; fileRef = 7E1672EB282A0970009185B2 /* CurrencyValueInputView.swift */; };
		7E1672EE282A3341009185B2 /* FederalIncomeEntryView.swift in Sources */ = {isa = PBXBuildFile; fileRef = 7E1672ED282A3341009185B2 /* FederalIncomeEntryView.swift */; };
		7E572F10282910B300DDB15E /* USTaxCalulatorApp.swift in Sources */ = {isa = PBXBuildFile; fileRef = 7E572EDE282910B300DDB15E /* USTaxCalulatorApp.swift */; };
		7E572F11282910B300DDB15E /* Assets.xcassets in Resources */ = {isa = PBXBuildFile; fileRef = 7E572EDF282910B300DDB15E /* Assets.xcassets */; };
		7E572F12282910B300DDB15E /* ExampleData.swift in Sources */ = {isa = PBXBuildFile; fileRef = 7E572EE1282910B300DDB15E /* ExampleData.swift */; };
		7E572F13282910B300DDB15E /* SectionCollapseState.swift in Sources */ = {isa = PBXBuildFile; fileRef = 7E572EE2282910B300DDB15E /* SectionCollapseState.swift */; };
		7E572F14282910B300DDB15E /* GlobalAppState.swift in Sources */ = {isa = PBXBuildFile; fileRef = 7E572EE3282910B300DDB15E /* GlobalAppState.swift */; };
		7E572F15282910B300DDB15E /* Colors.swift in Sources */ = {isa = PBXBuildFile; fileRef = 7E572EE4282910B300DDB15E /* Colors.swift */; };
		7E572F16282910B300DDB15E /* FederalTaxesListSection.swift in Sources */ = {isa = PBXBuildFile; fileRef = 7E572EE7282910B300DDB15E /* FederalTaxesListSection.swift */; };
		7E572F17282910B300DDB15E /* StateTaxesListSection.swift in Sources */ = {isa = PBXBuildFile; fileRef = 7E572EE8282910B300DDB15E /* StateTaxesListSection.swift */; };
		7E572F18282910B300DDB15E /* FederalIncomeListSection.swift in Sources */ = {isa = PBXBuildFile; fileRef = 7E572EE9282910B300DDB15E /* FederalIncomeListSection.swift */; };
		7E572F19282910B300DDB15E /* TaxSummaryListView.swift in Sources */ = {isa = PBXBuildFile; fileRef = 7E572EEA282910B300DDB15E /* TaxSummaryListView.swift */; };
		7E572F1A282910B300DDB15E /* CurrencyView.swift in Sources */ = {isa = PBXBuildFile; fileRef = 7E572EEB282910B300DDB15E /* CurrencyView.swift */; };
		7E572F1B282910B300DDB15E /* CollapseAllSectionsButton.swift in Sources */ = {isa = PBXBuildFile; fileRef = 7E572EED282910B300DDB15E /* CollapseAllSectionsButton.swift */; };
		7E572F1C282910B300DDB15E /* ExplainableValueButton.swift in Sources */ = {isa = PBXBuildFile; fileRef = 7E572EEE282910B300DDB15E /* ExplainableValueButton.swift */; };
		7E572F1D282910B300DDB15E /* ExportAsTextButton.swift in Sources */ = {isa = PBXBuildFile; fileRef = 7E572EEF282910B300DDB15E /* ExportAsTextButton.swift */; };
		7E572F1E282910B300DDB15E /* TaxDataEntryView.swift in Sources */ = {isa = PBXBuildFile; fileRef = 7E572EF1282910B300DDB15E /* TaxDataEntryView.swift */; };
		7E572F1F282910B300DDB15E /* StateIncomeEntryView.swift in Sources */ = {isa = PBXBuildFile; fileRef = 7E572EF2282910B300DDB15E /* StateIncomeEntryView.swift */; };
		7E572F20282910B300DDB15E /* CollapsableSection.swift in Sources */ = {isa = PBXBuildFile; fileRef = 7E572EF4282910B300DDB15E /* CollapsableSection.swift */; };
		7E572F21282910B300DDB15E /* EmptyView.swift in Sources */ = {isa = PBXBuildFile; fileRef = 7E572EF6282910B300DDB15E /* EmptyView.swift */; };
		7E572F22282910B300DDB15E /* TaxDataListView.swift in Sources */ = {isa = PBXBuildFile; fileRef = 7E572EF7282910B300DDB15E /* TaxDataListView.swift */; };
		7E572F23282910B300DDB15E /* MainView.swift in Sources */ = {isa = PBXBuildFile; fileRef = 7E572EF8282910B300DDB15E /* MainView.swift */; };
		7E572F24282910B300DDB15E /* MenuView.swift in Sources */ = {isa = PBXBuildFile; fileRef = 7E572EF9282910B300DDB15E /* MenuView.swift */; };
		7E572F25282910B300DDB15E /* USTaxData.swift in Sources */ = {isa = PBXBuildFile; fileRef = 7E572EFC282910B300DDB15E /* USTaxData.swift */; };
		7E572F26282910B300DDB15E /* StandardDeductions.swift in Sources */ = {isa = PBXBuildFile; fileRef = 7E572EFE282910B300DDB15E /* StandardDeductions.swift */; };
		7E572F27282910B300DDB15E /* DeductionAmount.swift in Sources */ = {isa = PBXBuildFile; fileRef = 7E572EFF282910B300DDB15E /* DeductionAmount.swift */; };
		7E572F28282910B300DDB15E /* Income.swift in Sources */ = {isa = PBXBuildFile; fileRef = 7E572F01282910B300DDB15E /* Income.swift */; };
		7E572F29282910B300DDB15E /* StateIncome.swift in Sources */ = {isa = PBXBuildFile; fileRef = 7E572F02282910B300DDB15E /* StateIncome.swift */; };
		7E572F2A282910B300DDB15E /* TaxSummaryFormatter.swift in Sources */ = {isa = PBXBuildFile; fileRef = 7E572F04282910B300DDB15E /* TaxSummaryFormatter.swift */; };
		7E572F2B282910B300DDB15E /* FormattingHelper.swift in Sources */ = {isa = PBXBuildFile; fileRef = 7E572F05282910B300DDB15E /* FormattingHelper.swift */; };
		7E572F2D282910B300DDB15E /* TaxSummaries.swift in Sources */ = {isa = PBXBuildFile; fileRef = 7E572F08282910B300DDB15E /* TaxSummaries.swift */; };
		7E572F2E282910B300DDB15E /* Tax.swift in Sources */ = {isa = PBXBuildFile; fileRef = 7E572F09282910B300DDB15E /* Tax.swift */; };
		7E572F2F282910B300DDB15E /* TaxFactory.swift in Sources */ = {isa = PBXBuildFile; fileRef = 7E572F0A282910B300DDB15E /* TaxFactory.swift */; };
		7E572F30282910B300DDB15E /* TaxBracketFactory.swift in Sources */ = {isa = PBXBuildFile; fileRef = 7E572F0C282910B300DDB15E /* TaxBracketFactory.swift */; };
		7E572F31282910B300DDB15E /* ProgressiveTaxBracketGenerator.swift in Sources */ = {isa = PBXBuildFile; fileRef = 7E572F0D282910B300DDB15E /* ProgressiveTaxBracketGenerator.swift */; };
		7E572F32282910B300DDB15E /* TaxBracket.swift in Sources */ = {isa = PBXBuildFile; fileRef = 7E572F0E282910B300DDB15E /* TaxBracket.swift */; };
		7E572F33282910B300DDB15E /* RawTaxRates.swift in Sources */ = {isa = PBXBuildFile; fileRef = 7E572F0F282910B300DDB15E /* RawTaxRates.swift */; };
		7ED9F866282A8251007A5CE5 /* FederalEntryTab.swift in Sources */ = {isa = PBXBuildFile; fileRef = 7ED9F865282A8251007A5CE5 /* FederalEntryTab.swift */; };
		7ED9F868282A82CD007A5CE5 /* StateEntryTab.swift in Sources */ = {isa = PBXBuildFile; fileRef = 7ED9F867282A82CD007A5CE5 /* StateEntryTab.swift */; };
		7EF0C16E282A3F5B00C6CDD7 /* BasicTaxDataEntryView.swift in Sources */ = {isa = PBXBuildFile; fileRef = 7EF0C16D282A3F5B00C6CDD7 /* BasicTaxDataEntryView.swift */; };
/* End PBXBuildFile section */

/* Begin PBXContainerItemProxy section */
		7E822CFF2804515300096181 /* PBXContainerItemProxy */ = {
			isa = PBXContainerItemProxy;
			containerPortal = 7E822CE52804515100096181 /* Project object */;
			proxyType = 1;
			remoteGlobalIDString = 7E822CEC2804515100096181;
			remoteInfo = USTaxCal;
		};
		7E822D092804515300096181 /* PBXContainerItemProxy */ = {
			isa = PBXContainerItemProxy;
			containerPortal = 7E822CE52804515100096181 /* Project object */;
			proxyType = 1;
			remoteGlobalIDString = 7E822CEC2804515100096181;
			remoteInfo = USTaxCal;
		};
/* End PBXContainerItemProxy section */

/* Begin PBXFileReference section */
		7E059776282B37910067DB7D /* DeductionAmountBindings.swift */ = {isa = PBXFileReference; lastKnownFileType = sourcecode.swift; path = DeductionAmountBindings.swift; sourceTree = "<group>"; };
		7E059778282B43A70067DB7D /* IncomeAmountBindings.swift */ = {isa = PBXFileReference; lastKnownFileType = sourcecode.swift; path = IncomeAmountBindings.swift; sourceTree = "<group>"; };
		7E05977A282B45EB0067DB7D /* DeductionsPickerView.swift */ = {isa = PBXFileReference; lastKnownFileType = sourcecode.swift; path = DeductionsPickerView.swift; sourceTree = "<group>"; };
		7E05977C282B4AE50067DB7D /* TaxReductionsEntryView.swift */ = {isa = PBXFileReference; lastKnownFileType = sourcecode.swift; path = TaxReductionsEntryView.swift; sourceTree = "<group>"; };
		7E1672EB282A0970009185B2 /* CurrencyValueInputView.swift */ = {isa = PBXFileReference; lastKnownFileType = sourcecode.swift; path = CurrencyValueInputView.swift; sourceTree = "<group>"; };
		7E1672ED282A3341009185B2 /* FederalIncomeEntryView.swift */ = {isa = PBXFileReference; lastKnownFileType = sourcecode.swift; path = FederalIncomeEntryView.swift; sourceTree = "<group>"; };
		7E572EDD282910B300DDB15E /* USTaxCalculatorUI.entitlements */ = {isa = PBXFileReference; fileEncoding = 4; lastKnownFileType = text.plist.entitlements; path = USTaxCalculatorUI.entitlements; sourceTree = "<group>"; };
		7E572EDE282910B300DDB15E /* USTaxCalulatorApp.swift */ = {isa = PBXFileReference; fileEncoding = 4; lastKnownFileType = sourcecode.swift; path = USTaxCalulatorApp.swift; sourceTree = "<group>"; };
		7E572EDF282910B300DDB15E /* Assets.xcassets */ = {isa = PBXFileReference; lastKnownFileType = folder.assetcatalog; path = Assets.xcassets; sourceTree = "<group>"; };
		7E572EE1282910B300DDB15E /* ExampleData.swift */ = {isa = PBXFileReference; fileEncoding = 4; lastKnownFileType = sourcecode.swift; path = ExampleData.swift; sourceTree = "<group>"; };
		7E572EE2282910B300DDB15E /* SectionCollapseState.swift */ = {isa = PBXFileReference; fileEncoding = 4; lastKnownFileType = sourcecode.swift; path = SectionCollapseState.swift; sourceTree = "<group>"; };
		7E572EE3282910B300DDB15E /* GlobalAppState.swift */ = {isa = PBXFileReference; fileEncoding = 4; lastKnownFileType = sourcecode.swift; path = GlobalAppState.swift; sourceTree = "<group>"; };
		7E572EE4282910B300DDB15E /* Colors.swift */ = {isa = PBXFileReference; fileEncoding = 4; lastKnownFileType = sourcecode.swift; path = Colors.swift; sourceTree = "<group>"; };
		7E572EE7282910B300DDB15E /* FederalTaxesListSection.swift */ = {isa = PBXFileReference; fileEncoding = 4; lastKnownFileType = sourcecode.swift; path = FederalTaxesListSection.swift; sourceTree = "<group>"; };
		7E572EE8282910B300DDB15E /* StateTaxesListSection.swift */ = {isa = PBXFileReference; fileEncoding = 4; lastKnownFileType = sourcecode.swift; path = StateTaxesListSection.swift; sourceTree = "<group>"; };
		7E572EE9282910B300DDB15E /* FederalIncomeListSection.swift */ = {isa = PBXFileReference; fileEncoding = 4; lastKnownFileType = sourcecode.swift; path = FederalIncomeListSection.swift; sourceTree = "<group>"; };
		7E572EEA282910B300DDB15E /* TaxSummaryListView.swift */ = {isa = PBXFileReference; fileEncoding = 4; lastKnownFileType = sourcecode.swift; path = TaxSummaryListView.swift; sourceTree = "<group>"; };
		7E572EEB282910B300DDB15E /* CurrencyView.swift */ = {isa = PBXFileReference; fileEncoding = 4; lastKnownFileType = sourcecode.swift; path = CurrencyView.swift; sourceTree = "<group>"; };
		7E572EED282910B300DDB15E /* CollapseAllSectionsButton.swift */ = {isa = PBXFileReference; fileEncoding = 4; lastKnownFileType = sourcecode.swift; path = CollapseAllSectionsButton.swift; sourceTree = "<group>"; };
		7E572EEE282910B300DDB15E /* ExplainableValueButton.swift */ = {isa = PBXFileReference; fileEncoding = 4; lastKnownFileType = sourcecode.swift; path = ExplainableValueButton.swift; sourceTree = "<group>"; };
		7E572EEF282910B300DDB15E /* ExportAsTextButton.swift */ = {isa = PBXFileReference; fileEncoding = 4; lastKnownFileType = sourcecode.swift; path = ExportAsTextButton.swift; sourceTree = "<group>"; };
		7E572EF1282910B300DDB15E /* TaxDataEntryView.swift */ = {isa = PBXFileReference; fileEncoding = 4; lastKnownFileType = sourcecode.swift; path = TaxDataEntryView.swift; sourceTree = "<group>"; };
		7E572EF2282910B300DDB15E /* StateIncomeEntryView.swift */ = {isa = PBXFileReference; fileEncoding = 4; lastKnownFileType = sourcecode.swift; path = StateIncomeEntryView.swift; sourceTree = "<group>"; };
		7E572EF4282910B300DDB15E /* CollapsableSection.swift */ = {isa = PBXFileReference; fileEncoding = 4; lastKnownFileType = sourcecode.swift; path = CollapsableSection.swift; sourceTree = "<group>"; };
		7E572EF6282910B300DDB15E /* EmptyView.swift */ = {isa = PBXFileReference; fileEncoding = 4; lastKnownFileType = sourcecode.swift; path = EmptyView.swift; sourceTree = "<group>"; };
		7E572EF7282910B300DDB15E /* TaxDataListView.swift */ = {isa = PBXFileReference; fileEncoding = 4; lastKnownFileType = sourcecode.swift; path = TaxDataListView.swift; sourceTree = "<group>"; };
		7E572EF8282910B300DDB15E /* MainView.swift */ = {isa = PBXFileReference; fileEncoding = 4; lastKnownFileType = sourcecode.swift; path = MainView.swift; sourceTree = "<group>"; };
		7E572EF9282910B300DDB15E /* MenuView.swift */ = {isa = PBXFileReference; fileEncoding = 4; lastKnownFileType = sourcecode.swift; path = MenuView.swift; sourceTree = "<group>"; };
		7E572EFC282910B300DDB15E /* USTaxData.swift */ = {isa = PBXFileReference; fileEncoding = 4; lastKnownFileType = sourcecode.swift; path = USTaxData.swift; sourceTree = "<group>"; };
		7E572EFE282910B300DDB15E /* StandardDeductions.swift */ = {isa = PBXFileReference; fileEncoding = 4; lastKnownFileType = sourcecode.swift; path = StandardDeductions.swift; sourceTree = "<group>"; };
		7E572EFF282910B300DDB15E /* DeductionAmount.swift */ = {isa = PBXFileReference; fileEncoding = 4; lastKnownFileType = sourcecode.swift; path = DeductionAmount.swift; sourceTree = "<group>"; };
		7E572F01282910B300DDB15E /* Income.swift */ = {isa = PBXFileReference; fileEncoding = 4; lastKnownFileType = sourcecode.swift; path = Income.swift; sourceTree = "<group>"; };
		7E572F02282910B300DDB15E /* StateIncome.swift */ = {isa = PBXFileReference; fileEncoding = 4; lastKnownFileType = sourcecode.swift; path = StateIncome.swift; sourceTree = "<group>"; };
		7E572F04282910B300DDB15E /* TaxSummaryFormatter.swift */ = {isa = PBXFileReference; fileEncoding = 4; lastKnownFileType = sourcecode.swift; path = TaxSummaryFormatter.swift; sourceTree = "<group>"; };
		7E572F05282910B300DDB15E /* FormattingHelper.swift */ = {isa = PBXFileReference; fileEncoding = 4; lastKnownFileType = sourcecode.swift; path = FormattingHelper.swift; sourceTree = "<group>"; };
		7E572F08282910B300DDB15E /* TaxSummaries.swift */ = {isa = PBXFileReference; fileEncoding = 4; lastKnownFileType = sourcecode.swift; path = TaxSummaries.swift; sourceTree = "<group>"; };
		7E572F09282910B300DDB15E /* Tax.swift */ = {isa = PBXFileReference; fileEncoding = 4; lastKnownFileType = sourcecode.swift; path = Tax.swift; sourceTree = "<group>"; };
		7E572F0A282910B300DDB15E /* TaxFactory.swift */ = {isa = PBXFileReference; fileEncoding = 4; lastKnownFileType = sourcecode.swift; path = TaxFactory.swift; sourceTree = "<group>"; };
		7E572F0C282910B300DDB15E /* TaxBracketFactory.swift */ = {isa = PBXFileReference; fileEncoding = 4; lastKnownFileType = sourcecode.swift; path = TaxBracketFactory.swift; sourceTree = "<group>"; };
		7E572F0D282910B300DDB15E /* ProgressiveTaxBracketGenerator.swift */ = {isa = PBXFileReference; fileEncoding = 4; lastKnownFileType = sourcecode.swift; path = ProgressiveTaxBracketGenerator.swift; sourceTree = "<group>"; };
		7E572F0E282910B300DDB15E /* TaxBracket.swift */ = {isa = PBXFileReference; fileEncoding = 4; lastKnownFileType = sourcecode.swift; path = TaxBracket.swift; sourceTree = "<group>"; };
		7E572F0F282910B300DDB15E /* RawTaxRates.swift */ = {isa = PBXFileReference; fileEncoding = 4; lastKnownFileType = sourcecode.swift; path = RawTaxRates.swift; sourceTree = "<group>"; };
		7E822CED2804515100096181 /* USTaxCal.app */ = {isa = PBXFileReference; explicitFileType = wrapper.application; includeInIndex = 0; path = USTaxCal.app; sourceTree = BUILT_PRODUCTS_DIR; };
		7E822CFE2804515300096181 /* USTaxCalTests.xctest */ = {isa = PBXFileReference; explicitFileType = wrapper.cfbundle; includeInIndex = 0; path = USTaxCalTests.xctest; sourceTree = BUILT_PRODUCTS_DIR; };
		7E822D082804515300096181 /* USTaxCalUITests.xctest */ = {isa = PBXFileReference; explicitFileType = wrapper.cfbundle; includeInIndex = 0; path = USTaxCalUITests.xctest; sourceTree = BUILT_PRODUCTS_DIR; };
		7ED9F865282A8251007A5CE5 /* FederalEntryTab.swift */ = {isa = PBXFileReference; lastKnownFileType = sourcecode.swift; path = FederalEntryTab.swift; sourceTree = "<group>"; };
		7ED9F867282A82CD007A5CE5 /* StateEntryTab.swift */ = {isa = PBXFileReference; lastKnownFileType = sourcecode.swift; path = StateEntryTab.swift; sourceTree = "<group>"; };
		7EF0C16D282A3F5B00C6CDD7 /* BasicTaxDataEntryView.swift */ = {isa = PBXFileReference; lastKnownFileType = sourcecode.swift; path = BasicTaxDataEntryView.swift; sourceTree = "<group>"; };
/* End PBXFileReference section */

/* Begin PBXFrameworksBuildPhase section */
		7E822CEA2804515100096181 /* Frameworks */ = {
			isa = PBXFrameworksBuildPhase;
			buildActionMask = 2147483647;
			files = (
			);
			runOnlyForDeploymentPostprocessing = 0;
		};
		7E822CFB2804515300096181 /* Frameworks */ = {
			isa = PBXFrameworksBuildPhase;
			buildActionMask = 2147483647;
			files = (
			);
			runOnlyForDeploymentPostprocessing = 0;
		};
		7E822D052804515300096181 /* Frameworks */ = {
			isa = PBXFrameworksBuildPhase;
			buildActionMask = 2147483647;
			files = (
			);
			runOnlyForDeploymentPostprocessing = 0;
		};
/* End PBXFrameworksBuildPhase section */

/* Begin PBXGroup section */
		7E572EDC282910B300DDB15E /* USTaxCalculatorUI */ = {
			isa = PBXGroup;
			children = (
				7E572EDD282910B300DDB15E /* USTaxCalculatorUI.entitlements */,
				7E572EDE282910B300DDB15E /* USTaxCalulatorApp.swift */,
				7E572EDF282910B300DDB15E /* Assets.xcassets */,
				7E572EE0282910B300DDB15E /* Models */,
				7E572EE5282910B300DDB15E /* Views */,
			);
			path = USTaxCalculatorUI;
			sourceTree = "<group>";
		};
		7E572EE0282910B300DDB15E /* Models */ = {
			isa = PBXGroup;
			children = (
				7E572EE1282910B300DDB15E /* ExampleData.swift */,
				7E572EE2282910B300DDB15E /* SectionCollapseState.swift */,
				7E572EE3282910B300DDB15E /* GlobalAppState.swift */,
				7E572EE4282910B300DDB15E /* Colors.swift */,
			);
			path = Models;
			sourceTree = "<group>";
		};
		7E572EE5282910B300DDB15E /* Views */ = {
			isa = PBXGroup;
			children = (
				7E572EE6282910B300DDB15E /* TaxDataList */,
				7E572EEC282910B300DDB15E /* Buttons */,
				7E572EF0282910B300DDB15E /* DataInput */,
				7E572EF3282910B300DDB15E /* Generic Views */,
				7E572EF5282910B300DDB15E /* TopLevel */,
			);
			path = Views;
			sourceTree = "<group>";
		};
		7E572EE6282910B300DDB15E /* TaxDataList */ = {
			isa = PBXGroup;
			children = (
				7E572EE7282910B300DDB15E /* FederalTaxesListSection.swift */,
				7E572EE8282910B300DDB15E /* StateTaxesListSection.swift */,
				7E572EE9282910B300DDB15E /* FederalIncomeListSection.swift */,
				7E572EEA282910B300DDB15E /* TaxSummaryListView.swift */,
				7E572EEB282910B300DDB15E /* CurrencyView.swift */,
			);
			path = TaxDataList;
			sourceTree = "<group>";
		};
		7E572EEC282910B300DDB15E /* Buttons */ = {
			isa = PBXGroup;
			children = (
				7E572EED282910B300DDB15E /* CollapseAllSectionsButton.swift */,
				7E572EEE282910B300DDB15E /* ExplainableValueButton.swift */,
				7E572EEF282910B300DDB15E /* ExportAsTextButton.swift */,
			);
			path = Buttons;
			sourceTree = "<group>";
		};
		7E572EF0282910B300DDB15E /* DataInput */ = {
			isa = PBXGroup;
			children = (
				7EF0C171282A407F00C6CDD7 /* Components */,
				7EF0C172282A409600C6CDD7 /* EntryViews */,
			);
			path = DataInput;
			sourceTree = "<group>";
		};
		7E572EF3282910B300DDB15E /* Generic Views */ = {
			isa = PBXGroup;
			children = (
				7E572EF4282910B300DDB15E /* CollapsableSection.swift */,
			);
			path = "Generic Views";
			sourceTree = "<group>";
		};
		7E572EF5282910B300DDB15E /* TopLevel */ = {
			isa = PBXGroup;
			children = (
				7E572EF6282910B300DDB15E /* EmptyView.swift */,
				7E572EF7282910B300DDB15E /* TaxDataListView.swift */,
				7E572EF8282910B300DDB15E /* MainView.swift */,
				7E572EF9282910B300DDB15E /* MenuView.swift */,
			);
			path = TopLevel;
			sourceTree = "<group>";
		};
		7E572EFA282910B300DDB15E /* USTaxCalculator */ = {
			isa = PBXGroup;
			children = (
				7E572EFB282910B300DDB15E /* TaxData */,
				7E572EFD282910B300DDB15E /* Deductions */,
				7E572F00282910B300DDB15E /* Income */,
				7E572F03282910B300DDB15E /* Formatter */,
				7E572F07282910B300DDB15E /* Taxes */,
				7E572F0B282910B300DDB15E /* TaxBrackets */,
			);
			path = USTaxCalculator;
			sourceTree = "<group>";
		};
		7E572EFB282910B300DDB15E /* TaxData */ = {
			isa = PBXGroup;
			children = (
				7E572EFC282910B300DDB15E /* USTaxData.swift */,
			);
			path = TaxData;
			sourceTree = "<group>";
		};
		7E572EFD282910B300DDB15E /* Deductions */ = {
			isa = PBXGroup;
			children = (
				7E572EFE282910B300DDB15E /* StandardDeductions.swift */,
				7E572EFF282910B300DDB15E /* DeductionAmount.swift */,
			);
			path = Deductions;
			sourceTree = "<group>";
		};
		7E572F00282910B300DDB15E /* Income */ = {
			isa = PBXGroup;
			children = (
				7E572F01282910B300DDB15E /* Income.swift */,
				7E572F02282910B300DDB15E /* StateIncome.swift */,
			);
			path = Income;
			sourceTree = "<group>";
		};
		7E572F03282910B300DDB15E /* Formatter */ = {
			isa = PBXGroup;
			children = (
				7E572F04282910B300DDB15E /* TaxSummaryFormatter.swift */,
				7E572F05282910B300DDB15E /* FormattingHelper.swift */,
			);
			path = Formatter;
			sourceTree = "<group>";
		};
		7E572F07282910B300DDB15E /* Taxes */ = {
			isa = PBXGroup;
			children = (
				7E572F08282910B300DDB15E /* TaxSummaries.swift */,
				7E572F09282910B300DDB15E /* Tax.swift */,
				7E572F0A282910B300DDB15E /* TaxFactory.swift */,
			);
			path = Taxes;
			sourceTree = "<group>";
		};
		7E572F0B282910B300DDB15E /* TaxBrackets */ = {
			isa = PBXGroup;
			children = (
				7E572F0C282910B300DDB15E /* TaxBracketFactory.swift */,
				7E572F0D282910B300DDB15E /* ProgressiveTaxBracketGenerator.swift */,
				7E572F0E282910B300DDB15E /* TaxBracket.swift */,
				7E572F0F282910B300DDB15E /* RawTaxRates.swift */,
			);
			path = TaxBrackets;
			sourceTree = "<group>";
		};
		7E822CE42804515100096181 = {
			isa = PBXGroup;
			children = (
				7E572EFA282910B300DDB15E /* USTaxCalculator */,
				7E572EDC282910B300DDB15E /* USTaxCalculatorUI */,
				7E822CEE2804515100096181 /* Products */,
			);
			sourceTree = "<group>";
		};
		7E822CEE2804515100096181 /* Products */ = {
			isa = PBXGroup;
			children = (
				7E822CED2804515100096181 /* USTaxCal.app */,
				7E822CFE2804515300096181 /* USTaxCalTests.xctest */,
				7E822D082804515300096181 /* USTaxCalUITests.xctest */,
			);
			name = Products;
			sourceTree = "<group>";
		};
		7EF0C171282A407F00C6CDD7 /* Components */ = {
			isa = PBXGroup;
			children = (
				7E1672EB282A0970009185B2 /* CurrencyValueInputView.swift */,
				7E059776282B37910067DB7D /* DeductionAmountBindings.swift */,
				7E059778282B43A70067DB7D /* IncomeAmountBindings.swift */,
				7E05977A282B45EB0067DB7D /* DeductionsPickerView.swift */,
			);
			path = Components;
			sourceTree = "<group>";
		};
		7EF0C172282A409600C6CDD7 /* EntryViews */ = {
			isa = PBXGroup;
			children = (
				7E572EF1282910B300DDB15E /* TaxDataEntryView.swift */,
				7ED9F865282A8251007A5CE5 /* FederalEntryTab.swift */,
				7EF0C16D282A3F5B00C6CDD7 /* BasicTaxDataEntryView.swift */,
				7E1672ED282A3341009185B2 /* FederalIncomeEntryView.swift */,
				7E05977C282B4AE50067DB7D /* TaxReductionsEntryView.swift */,
				7ED9F867282A82CD007A5CE5 /* StateEntryTab.swift */,
				7E572EF2282910B300DDB15E /* StateIncomeEntryView.swift */,
			);
			path = EntryViews;
			sourceTree = "<group>";
		};
/* End PBXGroup section */

/* Begin PBXNativeTarget section */
		7E822CEC2804515100096181 /* USTaxCal */ = {
			isa = PBXNativeTarget;
			buildConfigurationList = 7E822D122804515300096181 /* Build configuration list for PBXNativeTarget "USTaxCal" */;
			buildPhases = (
				7E822CE92804515100096181 /* Sources */,
				7E822CEA2804515100096181 /* Frameworks */,
				7E822CEB2804515100096181 /* Resources */,
			);
			buildRules = (
			);
			dependencies = (
			);
			name = USTaxCal;
			productName = USTaxCal;
			productReference = 7E822CED2804515100096181 /* USTaxCal.app */;
			productType = "com.apple.product-type.application";
		};
		7E822CFD2804515300096181 /* USTaxCalTests */ = {
			isa = PBXNativeTarget;
			buildConfigurationList = 7E822D152804515300096181 /* Build configuration list for PBXNativeTarget "USTaxCalTests" */;
			buildPhases = (
				7E822CFA2804515300096181 /* Sources */,
				7E822CFB2804515300096181 /* Frameworks */,
				7E822CFC2804515300096181 /* Resources */,
			);
			buildRules = (
			);
			dependencies = (
				7E822D002804515300096181 /* PBXTargetDependency */,
			);
			name = USTaxCalTests;
			productName = USTaxCalTests;
			productReference = 7E822CFE2804515300096181 /* USTaxCalTests.xctest */;
			productType = "com.apple.product-type.bundle.unit-test";
		};
		7E822D072804515300096181 /* USTaxCalUITests */ = {
			isa = PBXNativeTarget;
			buildConfigurationList = 7E822D182804515300096181 /* Build configuration list for PBXNativeTarget "USTaxCalUITests" */;
			buildPhases = (
				7E822D042804515300096181 /* Sources */,
				7E822D052804515300096181 /* Frameworks */,
				7E822D062804515300096181 /* Resources */,
			);
			buildRules = (
			);
			dependencies = (
				7E822D0A2804515300096181 /* PBXTargetDependency */,
			);
			name = USTaxCalUITests;
			productName = USTaxCalUITests;
			productReference = 7E822D082804515300096181 /* USTaxCalUITests.xctest */;
			productType = "com.apple.product-type.bundle.ui-testing";
		};
/* End PBXNativeTarget section */

/* Begin PBXProject section */
		7E822CE52804515100096181 /* Project object */ = {
			isa = PBXProject;
			attributes = {
				BuildIndependentTargetsInParallel = 1;
				LastSwiftUpdateCheck = 1330;
				LastUpgradeCheck = 1330;
				TargetAttributes = {
					7E822CEC2804515100096181 = {
						CreatedOnToolsVersion = 13.3;
					};
					7E822CFD2804515300096181 = {
						CreatedOnToolsVersion = 13.3;
						TestTargetID = 7E822CEC2804515100096181;
					};
					7E822D072804515300096181 = {
						CreatedOnToolsVersion = 13.3;
						TestTargetID = 7E822CEC2804515100096181;
					};
				};
			};
			buildConfigurationList = 7E822CE82804515100096181 /* Build configuration list for PBXProject "USTaxCalculatorUI" */;
			compatibilityVersion = "Xcode 13.0";
			developmentRegion = en;
			hasScannedForEncodings = 0;
			knownRegions = (
				en,
				Base,
			);
			mainGroup = 7E822CE42804515100096181;
			productRefGroup = 7E822CEE2804515100096181 /* Products */;
			projectDirPath = "";
			projectRoot = "";
			targets = (
				7E822CEC2804515100096181 /* USTaxCal */,
				7E822CFD2804515300096181 /* USTaxCalTests */,
				7E822D072804515300096181 /* USTaxCalUITests */,
			);
		};
/* End PBXProject section */

/* Begin PBXResourcesBuildPhase section */
		7E822CEB2804515100096181 /* Resources */ = {
			isa = PBXResourcesBuildPhase;
			buildActionMask = 2147483647;
			files = (
				7E572F11282910B300DDB15E /* Assets.xcassets in Resources */,
			);
			runOnlyForDeploymentPostprocessing = 0;
		};
		7E822CFC2804515300096181 /* Resources */ = {
			isa = PBXResourcesBuildPhase;
			buildActionMask = 2147483647;
			files = (
			);
			runOnlyForDeploymentPostprocessing = 0;
		};
		7E822D062804515300096181 /* Resources */ = {
			isa = PBXResourcesBuildPhase;
			buildActionMask = 2147483647;
			files = (
			);
			runOnlyForDeploymentPostprocessing = 0;
		};
/* End PBXResourcesBuildPhase section */

/* Begin PBXSourcesBuildPhase section */
		7E822CE92804515100096181 /* Sources */ = {
			isa = PBXSourcesBuildPhase;
			buildActionMask = 2147483647;
			files = (
				7E572F1B282910B300DDB15E /* CollapseAllSectionsButton.swift in Sources */,
				7E572F2B282910B300DDB15E /* FormattingHelper.swift in Sources */,
				7E572F2A282910B300DDB15E /* TaxSummaryFormatter.swift in Sources */,
				7E572F14282910B300DDB15E /* GlobalAppState.swift in Sources */,
				7E572F19282910B300DDB15E /* TaxSummaryListView.swift in Sources */,
				7E572F21282910B300DDB15E /* EmptyView.swift in Sources */,
				7E572F1E282910B300DDB15E /* TaxDataEntryView.swift in Sources */,
				7E572F23282910B300DDB15E /* MainView.swift in Sources */,
				7E572F25282910B300DDB15E /* USTaxData.swift in Sources */,
				7E572F1F282910B300DDB15E /* StateIncomeEntryView.swift in Sources */,
				7E059779282B43A70067DB7D /* IncomeAmountBindings.swift in Sources */,
				7E572F2E282910B300DDB15E /* Tax.swift in Sources */,
				7E572F29282910B300DDB15E /* StateIncome.swift in Sources */,
				7E05977D282B4AE50067DB7D /* TaxReductionsEntryView.swift in Sources */,
				7E572F22282910B300DDB15E /* TaxDataListView.swift in Sources */,
				7E1672EC282A0970009185B2 /* CurrencyValueInputView.swift in Sources */,
				7E572F28282910B300DDB15E /* Income.swift in Sources */,
				7E572F27282910B300DDB15E /* DeductionAmount.swift in Sources */,
				7ED9F866282A8251007A5CE5 /* FederalEntryTab.swift in Sources */,
				7E572F10282910B300DDB15E /* USTaxCalulatorApp.swift in Sources */,
				7E572F1D282910B300DDB15E /* ExportAsTextButton.swift in Sources */,
				7EF0C16E282A3F5B00C6CDD7 /* BasicTaxDataEntryView.swift in Sources */,
				7E572F18282910B300DDB15E /* FederalIncomeListSection.swift in Sources */,
				7E572F17282910B300DDB15E /* StateTaxesListSection.swift in Sources */,
				7ED9F868282A82CD007A5CE5 /* StateEntryTab.swift in Sources */,
				7E572F30282910B300DDB15E /* TaxBracketFactory.swift in Sources */,
				7E572F12282910B300DDB15E /* ExampleData.swift in Sources */,
				7E572F20282910B300DDB15E /* CollapsableSection.swift in Sources */,
				7E572F33282910B300DDB15E /* RawTaxRates.swift in Sources */,
				7E572F13282910B300DDB15E /* SectionCollapseState.swift in Sources */,
				7E572F32282910B300DDB15E /* TaxBracket.swift in Sources */,
				7E572F16282910B300DDB15E /* FederalTaxesListSection.swift in Sources */,
				7E572F15282910B300DDB15E /* Colors.swift in Sources */,
				7E572F2D282910B300DDB15E /* TaxSummaries.swift in Sources */,
				7E572F1A282910B300DDB15E /* CurrencyView.swift in Sources */,
				7E1672EE282A3341009185B2 /* FederalIncomeEntryView.swift in Sources */,
				7E572F1C282910B300DDB15E /* ExplainableValueButton.swift in Sources */,
				7E05977B282B45EB0067DB7D /* DeductionsPickerView.swift in Sources */,
				7E059777282B37910067DB7D /* DeductionAmountBindings.swift in Sources */,
				7E572F2F282910B300DDB15E /* TaxFactory.swift in Sources */,
				7E572F24282910B300DDB15E /* MenuView.swift in Sources */,
				7E572F31282910B300DDB15E /* ProgressiveTaxBracketGenerator.swift in Sources */,
				7E572F26282910B300DDB15E /* StandardDeductions.swift in Sources */,
			);
			runOnlyForDeploymentPostprocessing = 0;
		};
		7E822CFA2804515300096181 /* Sources */ = {
			isa = PBXSourcesBuildPhase;
			buildActionMask = 2147483647;
			files = (
			);
			runOnlyForDeploymentPostprocessing = 0;
		};
		7E822D042804515300096181 /* Sources */ = {
			isa = PBXSourcesBuildPhase;
			buildActionMask = 2147483647;
			files = (
			);
			runOnlyForDeploymentPostprocessing = 0;
		};
/* End PBXSourcesBuildPhase section */

/* Begin PBXTargetDependency section */
		7E822D002804515300096181 /* PBXTargetDependency */ = {
			isa = PBXTargetDependency;
			target = 7E822CEC2804515100096181 /* USTaxCal */;
			targetProxy = 7E822CFF2804515300096181 /* PBXContainerItemProxy */;
		};
		7E822D0A2804515300096181 /* PBXTargetDependency */ = {
			isa = PBXTargetDependency;
			target = 7E822CEC2804515100096181 /* USTaxCal */;
			targetProxy = 7E822D092804515300096181 /* PBXContainerItemProxy */;
		};
/* End PBXTargetDependency section */

/* Begin XCBuildConfiguration section */
		7E822D102804515300096181 /* Debug */ = {
			isa = XCBuildConfiguration;
			buildSettings = {
				ALWAYS_SEARCH_USER_PATHS = NO;
				CLANG_ANALYZER_NONNULL = YES;
				CLANG_ANALYZER_NUMBER_OBJECT_CONVERSION = YES_AGGRESSIVE;
				CLANG_CXX_LANGUAGE_STANDARD = "gnu++17";
				CLANG_ENABLE_MODULES = YES;
				CLANG_ENABLE_OBJC_ARC = YES;
				CLANG_ENABLE_OBJC_WEAK = YES;
				CLANG_WARN_BLOCK_CAPTURE_AUTORELEASING = YES;
				CLANG_WARN_BOOL_CONVERSION = YES;
				CLANG_WARN_COMMA = YES;
				CLANG_WARN_CONSTANT_CONVERSION = YES;
				CLANG_WARN_DEPRECATED_OBJC_IMPLEMENTATIONS = YES;
				CLANG_WARN_DIRECT_OBJC_ISA_USAGE = YES_ERROR;
				CLANG_WARN_DOCUMENTATION_COMMENTS = YES;
				CLANG_WARN_EMPTY_BODY = YES;
				CLANG_WARN_ENUM_CONVERSION = YES;
				CLANG_WARN_INFINITE_RECURSION = YES;
				CLANG_WARN_INT_CONVERSION = YES;
				CLANG_WARN_NON_LITERAL_NULL_CONVERSION = YES;
				CLANG_WARN_OBJC_IMPLICIT_RETAIN_SELF = YES;
				CLANG_WARN_OBJC_LITERAL_CONVERSION = YES;
				CLANG_WARN_OBJC_ROOT_CLASS = YES_ERROR;
				CLANG_WARN_QUOTED_INCLUDE_IN_FRAMEWORK_HEADER = YES;
				CLANG_WARN_RANGE_LOOP_ANALYSIS = YES;
				CLANG_WARN_STRICT_PROTOTYPES = YES;
				CLANG_WARN_SUSPICIOUS_MOVE = YES;
				CLANG_WARN_UNGUARDED_AVAILABILITY = YES_AGGRESSIVE;
				CLANG_WARN_UNREACHABLE_CODE = YES;
				CLANG_WARN__DUPLICATE_METHOD_MATCH = YES;
				COPY_PHASE_STRIP = NO;
				DEBUG_INFORMATION_FORMAT = dwarf;
				ENABLE_STRICT_OBJC_MSGSEND = YES;
				ENABLE_TESTABILITY = YES;
				GCC_C_LANGUAGE_STANDARD = gnu11;
				GCC_DYNAMIC_NO_PIC = NO;
				GCC_NO_COMMON_BLOCKS = YES;
				GCC_OPTIMIZATION_LEVEL = 0;
				GCC_PREPROCESSOR_DEFINITIONS = (
					"DEBUG=1",
					"$(inherited)",
				);
				GCC_WARN_64_TO_32_BIT_CONVERSION = YES;
				GCC_WARN_ABOUT_RETURN_TYPE = YES_ERROR;
				GCC_WARN_UNDECLARED_SELECTOR = YES;
				GCC_WARN_UNINITIALIZED_AUTOS = YES_AGGRESSIVE;
				GCC_WARN_UNUSED_FUNCTION = YES;
				GCC_WARN_UNUSED_VARIABLE = YES;
				MACOSX_DEPLOYMENT_TARGET = 12.3;
				MTL_ENABLE_DEBUG_INFO = INCLUDE_SOURCE;
				MTL_FAST_MATH = YES;
				ONLY_ACTIVE_ARCH = YES;
				SDKROOT = macosx;
				SWIFT_ACTIVE_COMPILATION_CONDITIONS = DEBUG;
				SWIFT_OPTIMIZATION_LEVEL = "-Onone";
			};
			name = Debug;
		};
		7E822D112804515300096181 /* Release */ = {
			isa = XCBuildConfiguration;
			buildSettings = {
				ALWAYS_SEARCH_USER_PATHS = NO;
				CLANG_ANALYZER_NONNULL = YES;
				CLANG_ANALYZER_NUMBER_OBJECT_CONVERSION = YES_AGGRESSIVE;
				CLANG_CXX_LANGUAGE_STANDARD = "gnu++17";
				CLANG_ENABLE_MODULES = YES;
				CLANG_ENABLE_OBJC_ARC = YES;
				CLANG_ENABLE_OBJC_WEAK = YES;
				CLANG_WARN_BLOCK_CAPTURE_AUTORELEASING = YES;
				CLANG_WARN_BOOL_CONVERSION = YES;
				CLANG_WARN_COMMA = YES;
				CLANG_WARN_CONSTANT_CONVERSION = YES;
				CLANG_WARN_DEPRECATED_OBJC_IMPLEMENTATIONS = YES;
				CLANG_WARN_DIRECT_OBJC_ISA_USAGE = YES_ERROR;
				CLANG_WARN_DOCUMENTATION_COMMENTS = YES;
				CLANG_WARN_EMPTY_BODY = YES;
				CLANG_WARN_ENUM_CONVERSION = YES;
				CLANG_WARN_INFINITE_RECURSION = YES;
				CLANG_WARN_INT_CONVERSION = YES;
				CLANG_WARN_NON_LITERAL_NULL_CONVERSION = YES;
				CLANG_WARN_OBJC_IMPLICIT_RETAIN_SELF = YES;
				CLANG_WARN_OBJC_LITERAL_CONVERSION = YES;
				CLANG_WARN_OBJC_ROOT_CLASS = YES_ERROR;
				CLANG_WARN_QUOTED_INCLUDE_IN_FRAMEWORK_HEADER = YES;
				CLANG_WARN_RANGE_LOOP_ANALYSIS = YES;
				CLANG_WARN_STRICT_PROTOTYPES = YES;
				CLANG_WARN_SUSPICIOUS_MOVE = YES;
				CLANG_WARN_UNGUARDED_AVAILABILITY = YES_AGGRESSIVE;
				CLANG_WARN_UNREACHABLE_CODE = YES;
				CLANG_WARN__DUPLICATE_METHOD_MATCH = YES;
				COPY_PHASE_STRIP = NO;
				DEBUG_INFORMATION_FORMAT = "dwarf-with-dsym";
				ENABLE_NS_ASSERTIONS = NO;
				ENABLE_STRICT_OBJC_MSGSEND = YES;
				GCC_C_LANGUAGE_STANDARD = gnu11;
				GCC_NO_COMMON_BLOCKS = YES;
				GCC_WARN_64_TO_32_BIT_CONVERSION = YES;
				GCC_WARN_ABOUT_RETURN_TYPE = YES_ERROR;
				GCC_WARN_UNDECLARED_SELECTOR = YES;
				GCC_WARN_UNINITIALIZED_AUTOS = YES_AGGRESSIVE;
				GCC_WARN_UNUSED_FUNCTION = YES;
				GCC_WARN_UNUSED_VARIABLE = YES;
				MACOSX_DEPLOYMENT_TARGET = 12.3;
				MTL_ENABLE_DEBUG_INFO = NO;
				MTL_FAST_MATH = YES;
				SDKROOT = macosx;
				SWIFT_COMPILATION_MODE = wholemodule;
				SWIFT_OPTIMIZATION_LEVEL = "-O";
			};
			name = Release;
		};
		7E822D132804515300096181 /* Debug */ = {
			isa = XCBuildConfiguration;
			buildSettings = {
				ASSETCATALOG_COMPILER_APPICON_NAME = AppIcon;
				ASSETCATALOG_COMPILER_GLOBAL_ACCENT_COLOR_NAME = AccentColor;
				CODE_SIGN_ENTITLEMENTS = USTaxCalculatorUI/USTaxCalculatorUI.entitlements;
				CODE_SIGN_STYLE = Automatic;
				COMBINE_HIDPI_IMAGES = YES;
				CURRENT_PROJECT_VERSION = 1;
				ENABLE_PREVIEWS = YES;
				GENERATE_INFOPLIST_FILE = YES;
				INFOPLIST_KEY_NSHumanReadableCopyright = "";
				LD_RUNPATH_SEARCH_PATHS = (
					"$(inherited)",
					"@executable_path/../Frameworks",
				);
				MARKETING_VERSION = 1.0;
				PRODUCT_BUNDLE_IDENTIFIER = calimarkus.USTaxCal;
				PRODUCT_NAME = "$(TARGET_NAME)";
				SWIFT_EMIT_LOC_STRINGS = YES;
				SWIFT_VERSION = 5.0;
			};
			name = Debug;
		};
		7E822D142804515300096181 /* Release */ = {
			isa = XCBuildConfiguration;
			buildSettings = {
				ASSETCATALOG_COMPILER_APPICON_NAME = AppIcon;
				ASSETCATALOG_COMPILER_GLOBAL_ACCENT_COLOR_NAME = AccentColor;
				CODE_SIGN_ENTITLEMENTS = USTaxCalculatorUI/USTaxCalculatorUI.entitlements;
				CODE_SIGN_STYLE = Automatic;
				COMBINE_HIDPI_IMAGES = YES;
				CURRENT_PROJECT_VERSION = 1;
				ENABLE_PREVIEWS = YES;
				GENERATE_INFOPLIST_FILE = YES;
				INFOPLIST_KEY_NSHumanReadableCopyright = "";
				LD_RUNPATH_SEARCH_PATHS = (
					"$(inherited)",
					"@executable_path/../Frameworks",
				);
				MARKETING_VERSION = 1.0;
				PRODUCT_BUNDLE_IDENTIFIER = calimarkus.USTaxCal;
				PRODUCT_NAME = "$(TARGET_NAME)";
				SWIFT_EMIT_LOC_STRINGS = YES;
				SWIFT_VERSION = 5.0;
			};
			name = Release;
		};
		7E822D162804515300096181 /* Debug */ = {
			isa = XCBuildConfiguration;
			buildSettings = {
				ALWAYS_EMBED_SWIFT_STANDARD_LIBRARIES = YES;
				BUNDLE_LOADER = "$(TEST_HOST)";
				CODE_SIGN_STYLE = Automatic;
				CURRENT_PROJECT_VERSION = 1;
				GENERATE_INFOPLIST_FILE = YES;
				MACOSX_DEPLOYMENT_TARGET = 12.3;
				MARKETING_VERSION = 1.0;
				PRODUCT_BUNDLE_IDENTIFIER = calimarkus.USTaxCalTests;
				PRODUCT_NAME = "$(TARGET_NAME)";
				SWIFT_EMIT_LOC_STRINGS = NO;
				SWIFT_VERSION = 5.0;
				TEST_HOST = "$(BUILT_PRODUCTS_DIR)/USTaxCal.app/Contents/MacOS/USTaxCal";
			};
			name = Debug;
		};
		7E822D172804515300096181 /* Release */ = {
			isa = XCBuildConfiguration;
			buildSettings = {
				ALWAYS_EMBED_SWIFT_STANDARD_LIBRARIES = YES;
				BUNDLE_LOADER = "$(TEST_HOST)";
				CODE_SIGN_STYLE = Automatic;
				CURRENT_PROJECT_VERSION = 1;
				GENERATE_INFOPLIST_FILE = YES;
				MACOSX_DEPLOYMENT_TARGET = 12.3;
				MARKETING_VERSION = 1.0;
				PRODUCT_BUNDLE_IDENTIFIER = calimarkus.USTaxCalTests;
				PRODUCT_NAME = "$(TARGET_NAME)";
				SWIFT_EMIT_LOC_STRINGS = NO;
				SWIFT_VERSION = 5.0;
				TEST_HOST = "$(BUILT_PRODUCTS_DIR)/USTaxCal.app/Contents/MacOS/USTaxCal";
			};
			name = Release;
		};
		7E822D192804515300096181 /* Debug */ = {
			isa = XCBuildConfiguration;
			buildSettings = {
				ALWAYS_EMBED_SWIFT_STANDARD_LIBRARIES = YES;
				CODE_SIGN_STYLE = Automatic;
				CURRENT_PROJECT_VERSION = 1;
				GENERATE_INFOPLIST_FILE = YES;
				MARKETING_VERSION = 1.0;
				PRODUCT_BUNDLE_IDENTIFIER = calimarkus.USTaxCalUITests;
				PRODUCT_NAME = "$(TARGET_NAME)";
				SWIFT_EMIT_LOC_STRINGS = NO;
				SWIFT_VERSION = 5.0;
				TEST_TARGET_NAME = USTaxCal;
			};
			name = Debug;
		};
		7E822D1A2804515300096181 /* Release */ = {
			isa = XCBuildConfiguration;
			buildSettings = {
				ALWAYS_EMBED_SWIFT_STANDARD_LIBRARIES = YES;
				CODE_SIGN_STYLE = Automatic;
				CURRENT_PROJECT_VERSION = 1;
				GENERATE_INFOPLIST_FILE = YES;
				MARKETING_VERSION = 1.0;
				PRODUCT_BUNDLE_IDENTIFIER = calimarkus.USTaxCalUITests;
				PRODUCT_NAME = "$(TARGET_NAME)";
				SWIFT_EMIT_LOC_STRINGS = NO;
				SWIFT_VERSION = 5.0;
				TEST_TARGET_NAME = USTaxCal;
			};
			name = Release;
		};
/* End XCBuildConfiguration section */

/* Begin XCConfigurationList section */
		7E822CE82804515100096181 /* Build configuration list for PBXProject "USTaxCalculatorUI" */ = {
			isa = XCConfigurationList;
			buildConfigurations = (
				7E822D102804515300096181 /* Debug */,
				7E822D112804515300096181 /* Release */,
			);
			defaultConfigurationIsVisible = 0;
			defaultConfigurationName = Release;
		};
		7E822D122804515300096181 /* Build configuration list for PBXNativeTarget "USTaxCal" */ = {
			isa = XCConfigurationList;
			buildConfigurations = (
				7E822D132804515300096181 /* Debug */,
				7E822D142804515300096181 /* Release */,
			);
			defaultConfigurationIsVisible = 0;
			defaultConfigurationName = Release;
		};
		7E822D152804515300096181 /* Build configuration list for PBXNativeTarget "USTaxCalTests" */ = {
			isa = XCConfigurationList;
			buildConfigurations = (
				7E822D162804515300096181 /* Debug */,
				7E822D172804515300096181 /* Release */,
			);
			defaultConfigurationIsVisible = 0;
			defaultConfigurationName = Release;
		};
		7E822D182804515300096181 /* Build configuration list for PBXNativeTarget "USTaxCalUITests" */ = {
			isa = XCConfigurationList;
			buildConfigurations = (
				7E822D192804515300096181 /* Debug */,
				7E822D1A2804515300096181 /* Release */,
			);
			defaultConfigurationIsVisible = 0;
			defaultConfigurationName = Release;
		};
/* End XCConfigurationList section */
	};
	rootObject = 7E822CE52804515100096181 /* Project object */;
}
